// !$*UTF8*$!
{
	archiveVersion = 1;
	classes = {
	};
	objectVersion = 46;
	objects = {

/* Begin PBXBuildFile section */
		16AA3A3C23CDC5941D43516D /* Events.cpp in Sources */ = {isa = PBXBuildFile; fileRef = E714069016FC9AE5D8E239FB /* Events.cpp */; };
		17FE1C423DE74A808D3FEEEE /* ofxTextAlign.cpp in Sources */ = {isa = PBXBuildFile; fileRef = 37AAD52AEE519A889E5A8B9D /* ofxTextAlign.cpp */; };
		2AD48BA65F1504A93216D3CA /* ofxSyphonServerDirectory.mm in Sources */ = {isa = PBXBuildFile; fileRef = 900084171B4F763F50B3B47A /* ofxSyphonServerDirectory.mm */; };
		2B8F288F1B4106CC768D4FBE /* ofxDatGuiComponent.cpp in Sources */ = {isa = PBXBuildFile; fileRef = 345DDFA744B2429A442E997F /* ofxDatGuiComponent.cpp */; };
		303A7699975BE096AF46BF57 /* ObserversController.cpp in Sources */ = {isa = PBXBuildFile; fileRef = FF472E5FA7491303FFC0EA9F /* ObserversController.cpp */; };
		3FE0CFF89D530BE09E0C2503 /* Common.cpp in Sources */ = {isa = PBXBuildFile; fileRef = B10D9A4C4D69F318E4DF5F5B /* Common.cpp */; };
		3FFEA3E5BD9125BE2DBD6D6A /* OccurrencesController.cpp in Sources */ = {isa = PBXBuildFile; fileRef = 96C209AE3ABBF4927BA37582 /* OccurrencesController.cpp */; };
		444C9249C057E8536013952B /* ValueSupplier.cpp in Sources */ = {isa = PBXBuildFile; fileRef = 0BA4009FCDB9E3981E59A2ED /* ValueSupplier.cpp */; };
		495032EB9D40A69EA3D21086 /* ofxSlider.cpp in Sources */ = {isa = PBXBuildFile; fileRef = B4485ECA6D65C95823CB2AB2 /* ofxSlider.cpp */; };
		4D508D34156E7076531D9084 /* Syphon.framework in CopyFiles */ = {isa = PBXBuildFile; fileRef = D58DCB2C0AEFDE6171E29540 /* Syphon.framework */; };
		51311032AF6D46EB9144F0C7 /* tinyxmlparser.cpp in Sources */ = {isa = PBXBuildFile; fileRef = 27E603A09371D4F201E7AB74 /* tinyxmlparser.cpp */; };
		57514656C6121DBD7B1B5F1E /* ofxXmlSettings.cpp in Sources */ = {isa = PBXBuildFile; fileRef = 77B6A122F59697CD3D883DA2 /* ofxXmlSettings.cpp */; };
		60C0F24E43C2E04399F8A80E /* AppParameters.cpp in Sources */ = {isa = PBXBuildFile; fileRef = 7B1EA976C3295181487B1B58 /* AppParameters.cpp */; };
		6D70CF36E4B34CF9AEDE1A0E /* AnimationObject.cpp in Sources */ = {isa = PBXBuildFile; fileRef = 9A196D8A32E95807070B6231 /* AnimationObject.cpp */; };
		75BAB05AEBFC1B777846D687 /* Colors.cpp in Sources */ = {isa = PBXBuildFile; fileRef = 1F05D9B2D4915D920A10BE4F /* Colors.cpp */; };
		78263DB7A06E5E0226C873CE /* ofxPanel.cpp in Sources */ = {isa = PBXBuildFile; fileRef = F1FEB66CE88C2B47C1925F8C /* ofxPanel.cpp */; };
		7BF4542127A5D0073BC80DA1 /* ThresholdRenderer.cpp in Sources */ = {isa = PBXBuildFile; fileRef = 5F7E08F009A3EAADF7B521FB /* ThresholdRenderer.cpp */; };
		7DE30FC333652825841CEBCD /* State.cpp in Sources */ = {isa = PBXBuildFile; fileRef = 36B95376ECF45981665C19E8 /* State.cpp */; };
		7F4DAE7D88443C43EA6E0EF9 /* Interval.cpp in Sources */ = {isa = PBXBuildFile; fileRef = 3891F6F7B2BC0BE17DB2E69E /* Interval.cpp */; };
		7F8CE38CEA7B29A08FB87974 /* tinyxml.cpp in Sources */ = {isa = PBXBuildFile; fileRef = 4AA7876E8AE07A41B33AD46E /* tinyxml.cpp */; };
		820A1219C69CE65A951DDE7E /* AppGui.cpp in Sources */ = {isa = PBXBuildFile; fileRef = 4A966064480CBCE7D9FE9EA8 /* AppGui.cpp */; };
		8A63C26B1BA3667BD5A7F7D5 /* ObserverEntity.cpp in Sources */ = {isa = PBXBuildFile; fileRef = 060B900FD66542BB0792E633 /* ObserverEntity.cpp */; };
		8E4803896B3157AE8ADCB02E /* tinyxmlerror.cpp in Sources */ = {isa = PBXBuildFile; fileRef = BC825A4168A0DF78F0ACE6A7 /* tinyxmlerror.cpp */; };
		95295DFC21749761D7BF9B18 /* Params.cpp in Sources */ = {isa = PBXBuildFile; fileRef = 581F497F9FA3425721AEB3DC /* Params.cpp */; };
		960691FA92BF31B9FD010694 /* Behavior.cpp in Sources */ = {isa = PBXBuildFile; fileRef = D64FC38492D2B36B95A8253D /* Behavior.cpp */; };
		96CF56C32059C367D4ACB8B8 /* ParticleObject.cpp in Sources */ = {isa = PBXBuildFile; fileRef = F38907EC6905E539FB6235FC /* ParticleObject.cpp */; };
		9E323A6D767216E5BC85DD67 /* ofxSmartFont.cpp in Sources */ = {isa = PBXBuildFile; fileRef = D4757C3C9BDF49F1DAD04AB5 /* ofxSmartFont.cpp */; };
		9FF3497170D60884F112833A /* Timing.cpp in Sources */ = {isa = PBXBuildFile; fileRef = 2F31AD800AC5506AE2F4DFC5 /* Timing.cpp */; };
		A0DD88127445464D69B7224E /* ofxGuiGroup.cpp in Sources */ = {isa = PBXBuildFile; fileRef = 7CE452C77AF7B96205848C7E /* ofxGuiGroup.cpp */; };
		A3777C3E983C9FEB544D37B1 /* Bounds.cpp in Sources */ = {isa = PBXBuildFile; fileRef = 01E2025ACF9E0E495D7F12F8 /* Bounds.cpp */; };
		A5C0430EBC106F9106E17BCF /* ofxMultiLoggerChannel.cpp in Sources */ = {isa = PBXBuildFile; fileRef = 1E1B9CCE472ADE266C36A578 /* ofxMultiLoggerChannel.cpp */; };
		A791C1E2EECD6035BCBC8ACE /* ofxTextAlignTTF.cpp in Sources */ = {isa = PBXBuildFile; fileRef = D917BC46A056629ECC270C08 /* ofxTextAlignTTF.cpp */; };
		AD6E60491FC521ECE393DF78 /* ParamsGui.cpp in Sources */ = {isa = PBXBuildFile; fileRef = 97BDF101CE6B95BF10DAE33C /* ParamsGui.cpp */; };
		AF4B42216D89DE9CFE2E5420 /* ofxScreenLoggerChannel.cpp in Sources */ = {isa = PBXBuildFile; fileRef = E897E843F4E44018FDE01A34 /* ofxScreenLoggerChannel.cpp */; };
		B09A0952D83A495AC78C00A0 /* WorldObject.cpp in Sources */ = {isa = PBXBuildFile; fileRef = 4D87DC0B0E54745FACE0A250 /* WorldObject.cpp */; };
		B6B7568EC592C9325B0750F8 /* ofxSyphonClient.mm in Sources */ = {isa = PBXBuildFile; fileRef = FDA9887B27C2BDEFDDAD2E3A /* ofxSyphonClient.mm */; };
		B84B4DC749097B80B3F9A80C /* SyphonNameboundClient.m in Sources */ = {isa = PBXBuildFile; fileRef = 27E58A989EB67375DD408B1E /* SyphonNameboundClient.m */; };
		BB97C84AA833E40F86213E9B /* Clock.cpp in Sources */ = {isa = PBXBuildFile; fileRef = B435F280334BE688BF136963 /* Clock.cpp */; };
		BEC7011B31196451456DBC43 /* ofxToggle.cpp in Sources */ = {isa = PBXBuildFile; fileRef = F2DFEDC5C804323DDDAA56B1 /* ofxToggle.cpp */; };
		CA9E1ED3D8C68176CA8E2ABB /* ofxSyphonServer.mm in Sources */ = {isa = PBXBuildFile; fileRef = F5CE2B494B5EBDE056DBBC17 /* ofxSyphonServer.mm */; };
		CBCAFF2D02669C3E7771524B /* ofxDatGui.cpp in Sources */ = {isa = PBXBuildFile; fileRef = 3C6BE771E8343FBE919A101B /* ofxDatGui.cpp */; };
		CFB1F10331DE8059FDC79C1D /* ofxSliderGroup.cpp in Sources */ = {isa = PBXBuildFile; fileRef = 088D20E7FB38937AE60F997D /* ofxSliderGroup.cpp */; };
		D265D6207B2184FB12FD93AC /* main.cpp in Sources */ = {isa = PBXBuildFile; fileRef = 823FBC6F9791944E4D93726D /* main.cpp */; };
		D84252FB2EB2F6FE3B325CAA /* Status.cpp in Sources */ = {isa = PBXBuildFile; fileRef = DCBEBF66C39747BD1534C1B5 /* Status.cpp */; };
		E1A3FD40C8BCD507345F1126 /* Syphon.framework in Frameworks */ = {isa = PBXBuildFile; fileRef = D58DCB2C0AEFDE6171E29540 /* Syphon.framework */; };
		E4328149138ABC9F0047C5CB /* openFrameworksDebug.a in Frameworks */ = {isa = PBXBuildFile; fileRef = E4328148138ABC890047C5CB /* openFrameworksDebug.a */; };
		EA6C3001ABA7EFDC59645D80 /* OccurrenceEntity.cpp in Sources */ = {isa = PBXBuildFile; fileRef = ED1E236F3CF91768C675C432 /* OccurrenceEntity.cpp */; };
		EB3DC41222A933534B9D7969 /* ofxBaseGui.cpp in Sources */ = {isa = PBXBuildFile; fileRef = A03571044EBB2DB95F16A0C2 /* ofxBaseGui.cpp */; };
		F0A84C7C84C257206AC3EB26 /* ofxButton.cpp in Sources */ = {isa = PBXBuildFile; fileRef = 17FCD68AEE2DE0B3A43C4C71 /* ofxButton.cpp */; };
		F339AB5F62C370C58449E370 /* ofxLabel.cpp in Sources */ = {isa = PBXBuildFile; fileRef = 10E1EFE181FE634470793842 /* ofxLabel.cpp */; };
		FC51CF98DA234C142DDDAF5F /* MemoryApp.cpp in Sources */ = {isa = PBXBuildFile; fileRef = 203D24998620B1B7C7970E9D /* MemoryApp.cpp */; };
		FCACC58AC5D08858CCD6A152 /* AnimationsController.cpp in Sources */ = {isa = PBXBuildFile; fileRef = 2F4C85EEEB5DF2381CA513CF /* AnimationsController.cpp */; };
/* End PBXBuildFile section */

/* Begin PBXContainerItemProxy section */
		E4328147138ABC890047C5CB /* PBXContainerItemProxy */ = {
			isa = PBXContainerItemProxy;
			containerPortal = E4328143138ABC890047C5CB /* openFrameworksLib.xcodeproj */;
			proxyType = 2;
			remoteGlobalIDString = E4B27C1510CBEB8E00536013;
			remoteInfo = openFrameworks;
		};
		E4EEB9AB138B136A00A80321 /* PBXContainerItemProxy */ = {
			isa = PBXContainerItemProxy;
			containerPortal = E4328143138ABC890047C5CB /* openFrameworksLib.xcodeproj */;
			proxyType = 1;
			remoteGlobalIDString = E4B27C1410CBEB8E00536013;
			remoteInfo = openFrameworks;
		};
/* End PBXContainerItemProxy section */

/* Begin PBXCopyFilesBuildPhase section */
		E4C2427710CC5ABF004149E2 /* CopyFiles */ = {
			isa = PBXCopyFilesBuildPhase;
			buildActionMask = 2147483647;
			dstPath = "";
			dstSubfolderSpec = 10;
			files = (
				4D508D34156E7076531D9084 /* Syphon.framework in CopyFiles */,
			);
			runOnlyForDeploymentPostprocessing = 0;
		};
/* End PBXCopyFilesBuildPhase section */

/* Begin PBXFileReference section */
		01E2025ACF9E0E495D7F12F8 /* Bounds.cpp */ = {isa = PBXFileReference; explicitFileType = sourcecode.cpp.cpp; fileEncoding = 30; name = Bounds.cpp; path = src/core/Bounds.cpp; sourceTree = SOURCE_ROOT; };
		031D2F330A586C93291D5773 /* ofxDatGuiTextInput.h */ = {isa = PBXFileReference; explicitFileType = sourcecode.c.h; fileEncoding = 30; name = ofxDatGuiTextInput.h; path = ../../of_v0.9.3_osx_release/addons/ofxDatGui/src/components/ofxDatGuiTextInput.h; sourceTree = SOURCE_ROOT; };
		05F9F27640A2C6BA22F76E6C /* ofxDatGuiIntObject.h */ = {isa = PBXFileReference; explicitFileType = sourcecode.c.h; fileEncoding = 30; name = ofxDatGuiIntObject.h; path = ../../of_v0.9.3_osx_release/addons/ofxDatGui/src/core/ofxDatGuiIntObject.h; sourceTree = SOURCE_ROOT; };
		060B900FD66542BB0792E633 /* ObserverEntity.cpp */ = {isa = PBXFileReference; explicitFileType = sourcecode.cpp.cpp; fileEncoding = 30; name = ObserverEntity.cpp; path = src/core/ObserverEntity.cpp; sourceTree = SOURCE_ROOT; };
		0788472FBA8A75644C504F58 /* Behavior.h */ = {isa = PBXFileReference; explicitFileType = sourcecode.c.h; fileEncoding = 30; name = Behavior.h; path = src/core/Behavior.h; sourceTree = SOURCE_ROOT; };
		07FEE36BDA17A50322435583 /* ofxToggle.h */ = {isa = PBXFileReference; explicitFileType = sourcecode.c.h; fileEncoding = 30; name = ofxToggle.h; path = ../../of_v0.9.3_osx_release/addons/ofxGui/src/ofxToggle.h; sourceTree = SOURCE_ROOT; };
		088D20E7FB38937AE60F997D /* ofxSliderGroup.cpp */ = {isa = PBXFileReference; explicitFileType = sourcecode.cpp.cpp; fileEncoding = 30; name = ofxSliderGroup.cpp; path = ../../of_v0.9.3_osx_release/addons/ofxGui/src/ofxSliderGroup.cpp; sourceTree = SOURCE_ROOT; };
		08C4341BA94A0398E5ECBDAA /* ofxMultiLoggerChannel.h */ = {isa = PBXFileReference; explicitFileType = sourcecode.c.h; fileEncoding = 30; name = ofxMultiLoggerChannel.h; path = ../../of_v0.9.3_osx_release/addons/ofxLoggerChannel/src/ofxMultiLoggerChannel.h; sourceTree = SOURCE_ROOT; };
		0B7DEEEB0F80FDFC6E6829E8 /* WorldObject.h */ = {isa = PBXFileReference; explicitFileType = sourcecode.c.h; fileEncoding = 30; name = WorldObject.h; path = src/core/WorldObject.h; sourceTree = SOURCE_ROOT; };
		0BA4009FCDB9E3981E59A2ED /* ValueSupplier.cpp */ = {isa = PBXFileReference; explicitFileType = sourcecode.cpp.cpp; fileEncoding = 30; name = ValueSupplier.cpp; path = src/core/ValueSupplier.cpp; sourceTree = SOURCE_ROOT; };
		0DF10023D165DC9596D26531 /* MSATimer.h */ = {isa = PBXFileReference; explicitFileType = sourcecode.c.h; fileEncoding = 30; name = MSATimer.h; path = ../../of_v0.9.3_osx_release/addons/ofxMSATimer/src/MSATimer.h; sourceTree = SOURCE_ROOT; };
		10E1EFE181FE634470793842 /* ofxLabel.cpp */ = {isa = PBXFileReference; explicitFileType = sourcecode.cpp.cpp; fileEncoding = 30; name = ofxLabel.cpp; path = ../../of_v0.9.3_osx_release/addons/ofxGui/src/ofxLabel.cpp; sourceTree = SOURCE_ROOT; };
		136AAE26EFF2EF319484E5DF /* ofxDatGuiSlider.h */ = {isa = PBXFileReference; explicitFileType = sourcecode.c.h; fileEncoding = 30; name = ofxDatGuiSlider.h; path = ../../of_v0.9.3_osx_release/addons/ofxDatGui/src/components/ofxDatGuiSlider.h; sourceTree = SOURCE_ROOT; };
		169A7495494F5C1E216A2174 /* ofxTextAlignTTF.h */ = {isa = PBXFileReference; explicitFileType = sourcecode.c.h; fileEncoding = 30; name = ofxTextAlignTTF.h; path = ../../of_v0.9.3_osx_release/addons/ofxTextAlign/src/ofxTextAlignTTF.h; sourceTree = SOURCE_ROOT; };
		17FCD68AEE2DE0B3A43C4C71 /* ofxButton.cpp */ = {isa = PBXFileReference; explicitFileType = sourcecode.cpp.cpp; fileEncoding = 30; name = ofxButton.cpp; path = ../../of_v0.9.3_osx_release/addons/ofxGui/src/ofxButton.cpp; sourceTree = SOURCE_ROOT; };
		1871276E2C2105C9C717619A /* ofxLiquidEvent.h */ = {isa = PBXFileReference; explicitFileType = sourcecode.c.h; fileEncoding = 30; name = ofxLiquidEvent.h; path = ../../of_v0.9.3_osx_release/addons/ofxLiquidEvent/src/ofxLiquidEvent.h; sourceTree = SOURCE_ROOT; };
		1A5C23DAFEE4E3049A5BA4BE /* SyphonNameboundClient.h */ = {isa = PBXFileReference; explicitFileType = sourcecode.c.h; fileEncoding = 30; name = SyphonNameboundClient.h; path = ../../of_v0.9.3_osx_release/addons/ofxSyphon/libs/Syphon/src/SyphonNameboundClient.h; sourceTree = SOURCE_ROOT; };
		1E1B9CCE472ADE266C36A578 /* ofxMultiLoggerChannel.cpp */ = {isa = PBXFileReference; explicitFileType = sourcecode.cpp.cpp; fileEncoding = 30; name = ofxMultiLoggerChannel.cpp; path = ../../of_v0.9.3_osx_release/addons/ofxLoggerChannel/src/ofxMultiLoggerChannel.cpp; sourceTree = SOURCE_ROOT; };
		1F05D9B2D4915D920A10BE4F /* Colors.cpp */ = {isa = PBXFileReference; explicitFileType = sourcecode.cpp.cpp; fileEncoding = 30; name = Colors.cpp; path = src/core/Colors.cpp; sourceTree = SOURCE_ROOT; };
		1F2CC99241BA73036CFA84A6 /* ofxDatGuiControls.h */ = {isa = PBXFileReference; explicitFileType = sourcecode.c.h; fileEncoding = 30; name = ofxDatGuiControls.h; path = ../../of_v0.9.3_osx_release/addons/ofxDatGui/src/components/ofxDatGuiControls.h; sourceTree = SOURCE_ROOT; };
		203D24998620B1B7C7970E9D /* MemoryApp.cpp */ = {isa = PBXFileReference; explicitFileType = sourcecode.cpp.cpp; fileEncoding = 30; name = MemoryApp.cpp; path = src/app/MemoryApp.cpp; sourceTree = SOURCE_ROOT; };
		21486E8D0CA688A2FC4DAA74 /* Colors.h */ = {isa = PBXFileReference; explicitFileType = sourcecode.c.h; fileEncoding = 30; name = Colors.h; path = src/core/Colors.h; sourceTree = SOURCE_ROOT; };
		27E58A989EB67375DD408B1E /* SyphonNameboundClient.m */ = {isa = PBXFileReference; explicitFileType = sourcecode.cpp.objcpp; fileEncoding = 30; name = SyphonNameboundClient.m; path = ../../of_v0.9.3_osx_release/addons/ofxSyphon/libs/Syphon/src/SyphonNameboundClient.m; sourceTree = SOURCE_ROOT; };
		27E603A09371D4F201E7AB74 /* tinyxmlparser.cpp */ = {isa = PBXFileReference; explicitFileType = sourcecode.cpp.cpp; fileEncoding = 30; name = tinyxmlparser.cpp; path = ../../of_v0.9.3_osx_release/addons/ofxXmlSettings/libs/tinyxmlparser.cpp; sourceTree = SOURCE_ROOT; };
		27F7A6AF265FCB06BA639098 /* State.h */ = {isa = PBXFileReference; explicitFileType = sourcecode.c.h; fileEncoding = 30; name = State.h; path = src/core/State.h; sourceTree = SOURCE_ROOT; };
		294DAE3A8718C89A6FA642D4 /* ofxDatGuiTheme.h */ = {isa = PBXFileReference; explicitFileType = sourcecode.c.h; fileEncoding = 30; name = ofxDatGuiTheme.h; path = ../../of_v0.9.3_osx_release/addons/ofxDatGui/src/themes/ofxDatGuiTheme.h; sourceTree = SOURCE_ROOT; };
		2C1FE410E3EAE25FBE59E368 /* ofxDatGuiTextInputField.h */ = {isa = PBXFileReference; explicitFileType = sourcecode.c.h; fileEncoding = 30; name = ofxDatGuiTextInputField.h; path = ../../of_v0.9.3_osx_release/addons/ofxDatGui/src/components/ofxDatGuiTextInputField.h; sourceTree = SOURCE_ROOT; };
		2F31AD800AC5506AE2F4DFC5 /* Timing.cpp */ = {isa = PBXFileReference; explicitFileType = sourcecode.cpp.cpp; fileEncoding = 30; name = Timing.cpp; path = src/core/Timing.cpp; sourceTree = SOURCE_ROOT; };
		2F4C85EEEB5DF2381CA513CF /* AnimationsController.cpp */ = {isa = PBXFileReference; explicitFileType = sourcecode.cpp.cpp; fileEncoding = 30; name = AnimationsController.cpp; path = src/core/AnimationsController.cpp; sourceTree = SOURCE_ROOT; };
		3137CEF1BCCAD71B77E1C2E6 /* ofxXmlSettings.h */ = {isa = PBXFileReference; explicitFileType = sourcecode.c.h; fileEncoding = 30; name = ofxXmlSettings.h; path = ../../of_v0.9.3_osx_release/addons/ofxXmlSettings/src/ofxXmlSettings.h; sourceTree = SOURCE_ROOT; };
		318805936D902B4C2CFCA5B7 /* OccurrenceEntity.h */ = {isa = PBXFileReference; explicitFileType = sourcecode.c.h; fileEncoding = 30; name = OccurrenceEntity.h; path = src/core/OccurrenceEntity.h; sourceTree = SOURCE_ROOT; };
		32831CD20CC05BAA1B5697B3 /* ofxDatGuiLabel.h */ = {isa = PBXFileReference; explicitFileType = sourcecode.c.h; fileEncoding = 30; name = ofxDatGuiLabel.h; path = ../../of_v0.9.3_osx_release/addons/ofxDatGui/src/components/ofxDatGuiLabel.h; sourceTree = SOURCE_ROOT; };
		345DDFA744B2429A442E997F /* ofxDatGuiComponent.cpp */ = {isa = PBXFileReference; explicitFileType = sourcecode.cpp.cpp; fileEncoding = 30; name = ofxDatGuiComponent.cpp; path = ../../of_v0.9.3_osx_release/addons/ofxDatGui/src/core/ofxDatGuiComponent.cpp; sourceTree = SOURCE_ROOT; };
		364DF778A13D6112AD85DBBA /* ofxGuiGroup.h */ = {isa = PBXFileReference; explicitFileType = sourcecode.c.h; fileEncoding = 30; name = ofxGuiGroup.h; path = ../../of_v0.9.3_osx_release/addons/ofxGui/src/ofxGuiGroup.h; sourceTree = SOURCE_ROOT; };
		36AFCF9C48B26AC8B17E9C98 /* ofxButton.h */ = {isa = PBXFileReference; explicitFileType = sourcecode.c.h; fileEncoding = 30; name = ofxButton.h; path = ../../of_v0.9.3_osx_release/addons/ofxGui/src/ofxButton.h; sourceTree = SOURCE_ROOT; };
		36B95376ECF45981665C19E8 /* State.cpp */ = {isa = PBXFileReference; explicitFileType = sourcecode.cpp.cpp; fileEncoding = 30; name = State.cpp; path = src/core/State.cpp; sourceTree = SOURCE_ROOT; };
		37AAD52AEE519A889E5A8B9D /* ofxTextAlign.cpp */ = {isa = PBXFileReference; explicitFileType = sourcecode.cpp.cpp; fileEncoding = 30; name = ofxTextAlign.cpp; path = ../../of_v0.9.3_osx_release/addons/ofxTextAlign/src/ofxTextAlign.cpp; sourceTree = SOURCE_ROOT; };
		3891F6F7B2BC0BE17DB2E69E /* Interval.cpp */ = {isa = PBXFileReference; explicitFileType = sourcecode.cpp.cpp; fileEncoding = 30; name = Interval.cpp; path = src/core/Interval.cpp; sourceTree = SOURCE_ROOT; };
		3C6BE771E8343FBE919A101B /* ofxDatGui.cpp */ = {isa = PBXFileReference; explicitFileType = sourcecode.cpp.cpp; fileEncoding = 30; name = ofxDatGui.cpp; path = ../../of_v0.9.3_osx_release/addons/ofxDatGui/src/ofxDatGui.cpp; sourceTree = SOURCE_ROOT; };
		3CA2A0283E5CE2AA4D5F6C0B /* AppGui.h */ = {isa = PBXFileReference; explicitFileType = sourcecode.c.h; fileEncoding = 30; name = AppGui.h; path = src/app/AppGui.h; sourceTree = SOURCE_ROOT; };
		4121B06355C54F47E889AF24 /* ofxDatGuiScrollView.h */ = {isa = PBXFileReference; explicitFileType = sourcecode.c.h; fileEncoding = 30; name = ofxDatGuiScrollView.h; path = ../../of_v0.9.3_osx_release/addons/ofxDatGui/src/components/ofxDatGuiScrollView.h; sourceTree = SOURCE_ROOT; };
		4845BDCE28A6F7F1386923AF /* ObserversController.h */ = {isa = PBXFileReference; explicitFileType = sourcecode.c.h; fileEncoding = 30; name = ObserversController.h; path = src/core/ObserversController.h; sourceTree = SOURCE_ROOT; };
		4A966064480CBCE7D9FE9EA8 /* AppGui.cpp */ = {isa = PBXFileReference; explicitFileType = sourcecode.cpp.cpp; fileEncoding = 30; name = AppGui.cpp; path = src/app/AppGui.cpp; sourceTree = SOURCE_ROOT; };
		4AA7876E8AE07A41B33AD46E /* tinyxml.cpp */ = {isa = PBXFileReference; explicitFileType = sourcecode.cpp.cpp; fileEncoding = 30; name = tinyxml.cpp; path = ../../of_v0.9.3_osx_release/addons/ofxXmlSettings/libs/tinyxml.cpp; sourceTree = SOURCE_ROOT; };
		4D87DC0B0E54745FACE0A250 /* WorldObject.cpp */ = {isa = PBXFileReference; explicitFileType = sourcecode.cpp.cpp; fileEncoding = 30; name = WorldObject.cpp; path = src/core/WorldObject.cpp; sourceTree = SOURCE_ROOT; };
		52DA674F75908A4AD4029805 /* Status.h */ = {isa = PBXFileReference; explicitFileType = sourcecode.c.h; fileEncoding = 30; name = Status.h; path = src/core/Status.h; sourceTree = SOURCE_ROOT; };
		557B74EE7D901D8FCBAC977D /* ofxDatGuiMatrix.h */ = {isa = PBXFileReference; explicitFileType = sourcecode.c.h; fileEncoding = 30; name = ofxDatGuiMatrix.h; path = ../../of_v0.9.3_osx_release/addons/ofxDatGui/src/components/ofxDatGuiMatrix.h; sourceTree = SOURCE_ROOT; };
		581F497F9FA3425721AEB3DC /* Params.cpp */ = {isa = PBXFileReference; explicitFileType = sourcecode.cpp.cpp; fileEncoding = 30; name = Params.cpp; path = src/core/Params.cpp; sourceTree = SOURCE_ROOT; };
		582597DC377ECBB19944EEC9 /* ofxDatGuiComponent.h */ = {isa = PBXFileReference; explicitFileType = sourcecode.c.h; fileEncoding = 30; name = ofxDatGuiComponent.h; path = ../../of_v0.9.3_osx_release/addons/ofxDatGui/src/core/ofxDatGuiComponent.h; sourceTree = SOURCE_ROOT; };
		5EA0A1032F532D62BFD5CCB4 /* AppParameters.h */ = {isa = PBXFileReference; explicitFileType = sourcecode.c.h; fileEncoding = 30; name = AppParameters.h; path = src/app/AppParameters.h; sourceTree = SOURCE_ROOT; };
		5F7E08F009A3EAADF7B521FB /* ThresholdRenderer.cpp */ = {isa = PBXFileReference; explicitFileType = sourcecode.cpp.cpp; fileEncoding = 30; name = ThresholdRenderer.cpp; path = src/core/ThresholdRenderer.cpp; sourceTree = SOURCE_ROOT; };
		684721825A36D7F0FB1DF84F /* ofxDatGui2dPad.h */ = {isa = PBXFileReference; explicitFileType = sourcecode.c.h; fileEncoding = 30; name = ofxDatGui2dPad.h; path = ../../of_v0.9.3_osx_release/addons/ofxDatGui/src/components/ofxDatGui2dPad.h; sourceTree = SOURCE_ROOT; };
		6DA7C49D614EE11BC0871180 /* ObjectManager.h */ = {isa = PBXFileReference; explicitFileType = sourcecode.c.h; fileEncoding = 30; name = ObjectManager.h; path = src/core/ObjectManager.h; sourceTree = SOURCE_ROOT; };
		73A80F2F0DCFC1E5BBB37370 /* ObserverEntity.h */ = {isa = PBXFileReference; explicitFileType = sourcecode.c.h; fileEncoding = 30; name = ObserverEntity.h; path = src/core/ObserverEntity.h; sourceTree = SOURCE_ROOT; };
		77B6A122F59697CD3D883DA2 /* ofxXmlSettings.cpp */ = {isa = PBXFileReference; explicitFileType = sourcecode.cpp.cpp; fileEncoding = 30; name = ofxXmlSettings.cpp; path = ../../of_v0.9.3_osx_release/addons/ofxXmlSettings/src/ofxXmlSettings.cpp; sourceTree = SOURCE_ROOT; };
		77F5A11629DFF28DDE5109B4 /* ofxSyphon.h */ = {isa = PBXFileReference; explicitFileType = sourcecode.c.h; fileEncoding = 30; name = ofxSyphon.h; path = ../../of_v0.9.3_osx_release/addons/ofxSyphon/src/ofxSyphon.h; sourceTree = SOURCE_ROOT; };
		79F3F587E8BE3F79CCCD247A /* ofxScreenLoggerChannel.h */ = {isa = PBXFileReference; explicitFileType = sourcecode.c.h; fileEncoding = 30; name = ofxScreenLoggerChannel.h; path = ../../of_v0.9.3_osx_release/addons/ofxLoggerChannel/src/ofxScreenLoggerChannel.h; sourceTree = SOURCE_ROOT; };
		7B1EA976C3295181487B1B58 /* AppParameters.cpp */ = {isa = PBXFileReference; explicitFileType = sourcecode.cpp.cpp; fileEncoding = 30; name = AppParameters.cpp; path = src/app/AppParameters.cpp; sourceTree = SOURCE_ROOT; };
		7CE452C77AF7B96205848C7E /* ofxGuiGroup.cpp */ = {isa = PBXFileReference; explicitFileType = sourcecode.cpp.cpp; fileEncoding = 30; name = ofxGuiGroup.cpp; path = ../../of_v0.9.3_osx_release/addons/ofxGui/src/ofxGuiGroup.cpp; sourceTree = SOURCE_ROOT; };
		822E790B3912E3C02B0B8D86 /* ofxSyphonServerDirectory.h */ = {isa = PBXFileReference; explicitFileType = sourcecode.c.h; fileEncoding = 30; name = ofxSyphonServerDirectory.h; path = ../../of_v0.9.3_osx_release/addons/ofxSyphon/src/ofxSyphonServerDirectory.h; sourceTree = SOURCE_ROOT; };
		823FBC6F9791944E4D93726D /* main.cpp */ = {isa = PBXFileReference; explicitFileType = sourcecode.cpp.cpp; fileEncoding = 30; name = main.cpp; path = src/app/main.cpp; sourceTree = SOURCE_ROOT; };
		8630FD4BD2D04BDECA67876B /* Events.h */ = {isa = PBXFileReference; explicitFileType = sourcecode.c.h; fileEncoding = 30; name = Events.h; path = src/core/Events.h; sourceTree = SOURCE_ROOT; };
		871145729C2A812E6085F6DD /* AnimationsController.h */ = {isa = PBXFileReference; explicitFileType = sourcecode.c.h; fileEncoding = 30; name = AnimationsController.h; path = src/core/AnimationsController.h; sourceTree = SOURCE_ROOT; };
		8AEEEA82825BAC378C9E347D /* Common.h */ = {isa = PBXFileReference; explicitFileType = sourcecode.c.h; fileEncoding = 30; name = Common.h; path = src/core/Common.h; sourceTree = SOURCE_ROOT; };
		8D2A8D41F40187F278A7449C /* ofxDatGuiTimeGraph.h */ = {isa = PBXFileReference; explicitFileType = sourcecode.c.h; fileEncoding = 30; name = ofxDatGuiTimeGraph.h; path = ../../of_v0.9.3_osx_release/addons/ofxDatGui/src/components/ofxDatGuiTimeGraph.h; sourceTree = SOURCE_ROOT; };
		8FC228FDBD8EBDF3566FFA28 /* ofxLabel.h */ = {isa = PBXFileReference; explicitFileType = sourcecode.c.h; fileEncoding = 30; name = ofxLabel.h; path = ../../of_v0.9.3_osx_release/addons/ofxGui/src/ofxLabel.h; sourceTree = SOURCE_ROOT; };
		900084171B4F763F50B3B47A /* ofxSyphonServerDirectory.mm */ = {isa = PBXFileReference; explicitFileType = sourcecode.cpp.objcpp; fileEncoding = 30; name = ofxSyphonServerDirectory.mm; path = ../../of_v0.9.3_osx_release/addons/ofxSyphon/src/ofxSyphonServerDirectory.mm; sourceTree = SOURCE_ROOT; };
		96C209AE3ABBF4927BA37582 /* OccurrencesController.cpp */ = {isa = PBXFileReference; explicitFileType = sourcecode.cpp.cpp; fileEncoding = 30; name = OccurrencesController.cpp; path = src/core/OccurrencesController.cpp; sourceTree = SOURCE_ROOT; };
		97BDF101CE6B95BF10DAE33C /* ParamsGui.cpp */ = {isa = PBXFileReference; explicitFileType = sourcecode.cpp.cpp; fileEncoding = 30; name = ParamsGui.cpp; path = src/core/ParamsGui.cpp; sourceTree = SOURCE_ROOT; };
		9A196D8A32E95807070B6231 /* AnimationObject.cpp */ = {isa = PBXFileReference; explicitFileType = sourcecode.cpp.cpp; fileEncoding = 30; name = AnimationObject.cpp; path = src/core/AnimationObject.cpp; sourceTree = SOURCE_ROOT; };
		9CFE7A80FCB3B01A4F2FE5F8 /* ofxDatGuiThemes.h */ = {isa = PBXFileReference; explicitFileType = sourcecode.c.h; fileEncoding = 30; name = ofxDatGuiThemes.h; path = ../../of_v0.9.3_osx_release/addons/ofxDatGui/src/themes/ofxDatGuiThemes.h; sourceTree = SOURCE_ROOT; };
		9DB506652351C4E71E488395 /* tinyxml.h */ = {isa = PBXFileReference; explicitFileType = sourcecode.c.h; fileEncoding = 30; name = tinyxml.h; path = ../../of_v0.9.3_osx_release/addons/ofxXmlSettings/libs/tinyxml.h; sourceTree = SOURCE_ROOT; };
		9E6DE711E9DCEFA912FC8D56 /* MemoryApp.h */ = {isa = PBXFileReference; explicitFileType = sourcecode.c.h; fileEncoding = 30; name = MemoryApp.h; path = src/app/MemoryApp.h; sourceTree = SOURCE_ROOT; };
		A03571044EBB2DB95F16A0C2 /* ofxBaseGui.cpp */ = {isa = PBXFileReference; explicitFileType = sourcecode.cpp.cpp; fileEncoding = 30; name = ofxBaseGui.cpp; path = ../../of_v0.9.3_osx_release/addons/ofxGui/src/ofxBaseGui.cpp; sourceTree = SOURCE_ROOT; };
		A11D7F9F3E9B04FB05B5168A /* ParticleObject.h */ = {isa = PBXFileReference; explicitFileType = sourcecode.c.h; fileEncoding = 30; name = ParticleObject.h; path = src/core/ParticleObject.h; sourceTree = SOURCE_ROOT; };
		A3312DBDB5D70B87AB6AB9F5 /* ofxDatGuiButton.h */ = {isa = PBXFileReference; explicitFileType = sourcecode.c.h; fileEncoding = 30; name = ofxDatGuiButton.h; path = ../../of_v0.9.3_osx_release/addons/ofxDatGui/src/components/ofxDatGuiButton.h; sourceTree = SOURCE_ROOT; };
		A38BC582B561AB5BC8A07D66 /* ofxDatGuiGroups.h */ = {isa = PBXFileReference; explicitFileType = sourcecode.c.h; fileEncoding = 30; name = ofxDatGuiGroups.h; path = ../../of_v0.9.3_osx_release/addons/ofxDatGui/src/components/ofxDatGuiGroups.h; sourceTree = SOURCE_ROOT; };
		AEBD31FAD3848740F78A7596 /* ofxGui.h */ = {isa = PBXFileReference; explicitFileType = sourcecode.c.h; fileEncoding = 30; name = ofxGui.h; path = ../../of_v0.9.3_osx_release/addons/ofxGui/src/ofxGui.h; sourceTree = SOURCE_ROOT; };
		B10D9A4C4D69F318E4DF5F5B /* Common.cpp */ = {isa = PBXFileReference; explicitFileType = sourcecode.cpp.cpp; fileEncoding = 30; name = Common.cpp; path = src/core/Common.cpp; sourceTree = SOURCE_ROOT; };
		B235D09E719D526194402149 /* Bounds.h */ = {isa = PBXFileReference; explicitFileType = sourcecode.c.h; fileEncoding = 30; name = Bounds.h; path = src/core/Bounds.h; sourceTree = SOURCE_ROOT; };
		B435F280334BE688BF136963 /* Clock.cpp */ = {isa = PBXFileReference; explicitFileType = sourcecode.cpp.cpp; fileEncoding = 30; name = Clock.cpp; path = src/core/Clock.cpp; sourceTree = SOURCE_ROOT; };
		B4485ECA6D65C95823CB2AB2 /* ofxSlider.cpp */ = {isa = PBXFileReference; explicitFileType = sourcecode.cpp.cpp; fileEncoding = 30; name = ofxSlider.cpp; path = ../../of_v0.9.3_osx_release/addons/ofxGui/src/ofxSlider.cpp; sourceTree = SOURCE_ROOT; };
		B5557E4DE42EB7CCBFC1D7CD /* ofxSyphonClient.h */ = {isa = PBXFileReference; explicitFileType = sourcecode.c.h; fileEncoding = 30; name = ofxSyphonClient.h; path = ../../of_v0.9.3_osx_release/addons/ofxSyphon/src/ofxSyphonClient.h; sourceTree = SOURCE_ROOT; };
		BA07C47C80DF8A31D74FCF0A /* AnimationObject.h */ = {isa = PBXFileReference; explicitFileType = sourcecode.c.h; fileEncoding = 30; name = AnimationObject.h; path = src/core/AnimationObject.h; sourceTree = SOURCE_ROOT; };
		BC1CCF542D2FFA5D456D48E4 /* ofxDatGuiConstants.h */ = {isa = PBXFileReference; explicitFileType = sourcecode.c.h; fileEncoding = 30; name = ofxDatGuiConstants.h; path = ../../of_v0.9.3_osx_release/addons/ofxDatGui/src/core/ofxDatGuiConstants.h; sourceTree = SOURCE_ROOT; };
		BC825A4168A0DF78F0ACE6A7 /* tinyxmlerror.cpp */ = {isa = PBXFileReference; explicitFileType = sourcecode.cpp.cpp; fileEncoding = 30; name = tinyxmlerror.cpp; path = ../../of_v0.9.3_osx_release/addons/ofxXmlSettings/libs/tinyxmlerror.cpp; sourceTree = SOURCE_ROOT; };
		C1AF18958F2829FEF9DBBB39 /* ofxDatGuiColorPicker.h */ = {isa = PBXFileReference; explicitFileType = sourcecode.c.h; fileEncoding = 30; name = ofxDatGuiColorPicker.h; path = ../../of_v0.9.3_osx_release/addons/ofxDatGui/src/components/ofxDatGuiColorPicker.h; sourceTree = SOURCE_ROOT; };
		C61E6252FE237B3F16BFBC43 /* ofxSliderGroup.h */ = {isa = PBXFileReference; explicitFileType = sourcecode.c.h; fileEncoding = 30; name = ofxSliderGroup.h; path = ../../of_v0.9.3_osx_release/addons/ofxGui/src/ofxSliderGroup.h; sourceTree = SOURCE_ROOT; };
		C7E0EFB5CFD7B1F36754D88B /* ofxDatGui.h */ = {isa = PBXFileReference; explicitFileType = sourcecode.c.h; fileEncoding = 30; name = ofxDatGui.h; path = ../../of_v0.9.3_osx_release/addons/ofxDatGui/src/ofxDatGui.h; sourceTree = SOURCE_ROOT; };
		CBC98E48A385155AA7A6F024 /* ThresholdRenderer.h */ = {isa = PBXFileReference; explicitFileType = sourcecode.c.h; fileEncoding = 30; name = ThresholdRenderer.h; path = src/core/ThresholdRenderer.h; sourceTree = SOURCE_ROOT; };
		CE2C9FDB26DB9F29B0989312 /* ofxTextAlign.h */ = {isa = PBXFileReference; explicitFileType = sourcecode.c.h; fileEncoding = 30; name = ofxTextAlign.h; path = ../../of_v0.9.3_osx_release/addons/ofxTextAlign/src/ofxTextAlign.h; sourceTree = SOURCE_ROOT; };
		D4757C3C9BDF49F1DAD04AB5 /* ofxSmartFont.cpp */ = {isa = PBXFileReference; explicitFileType = sourcecode.cpp.cpp; fileEncoding = 30; name = ofxSmartFont.cpp; path = ../../of_v0.9.3_osx_release/addons/ofxDatGui/src/libs/ofxSmartFont/ofxSmartFont.cpp; sourceTree = SOURCE_ROOT; };
		D53E9332C9AE72A5C90B70F3 /* Timing.h */ = {isa = PBXFileReference; explicitFileType = sourcecode.c.h; fileEncoding = 30; name = Timing.h; path = src/core/Timing.h; sourceTree = SOURCE_ROOT; };
		D58DCB2C0AEFDE6171E29540 /* Syphon.framework */ = {isa = PBXFileReference; lastKnownFileType = wrapper.framework; name = Syphon.framework; path = ../../of_v0.9.3_osx_release/addons/ofxSyphon/libs/Syphon/lib/osx/Syphon.framework; sourceTree = "<group>"; };
		D64FC38492D2B36B95A8253D /* Behavior.cpp */ = {isa = PBXFileReference; explicitFileType = sourcecode.cpp.cpp; fileEncoding = 30; name = Behavior.cpp; path = src/core/Behavior.cpp; sourceTree = SOURCE_ROOT; };
		D917BC46A056629ECC270C08 /* ofxTextAlignTTF.cpp */ = {isa = PBXFileReference; explicitFileType = sourcecode.cpp.cpp; fileEncoding = 30; name = ofxTextAlignTTF.cpp; path = ../../of_v0.9.3_osx_release/addons/ofxTextAlign/src/ofxTextAlignTTF.cpp; sourceTree = SOURCE_ROOT; };
		D9C3827264F0C34537CE0F6E /* Clock.h */ = {isa = PBXFileReference; explicitFileType = sourcecode.c.h; fileEncoding = 30; name = Clock.h; path = src/core/Clock.h; sourceTree = SOURCE_ROOT; };
		DA37F0EB85A2C8ABCF7DCC58 /* Interval.h */ = {isa = PBXFileReference; explicitFileType = sourcecode.c.h; fileEncoding = 30; name = Interval.h; path = src/core/Interval.h; sourceTree = SOURCE_ROOT; };
		DC57EE2B6865A8B4D30C6E56 /* ofxSmartFont.h */ = {isa = PBXFileReference; explicitFileType = sourcecode.c.h; fileEncoding = 30; name = ofxSmartFont.h; path = ../../of_v0.9.3_osx_release/addons/ofxDatGui/src/libs/ofxSmartFont/ofxSmartFont.h; sourceTree = SOURCE_ROOT; };
		DCBEBF66C39747BD1534C1B5 /* Status.cpp */ = {isa = PBXFileReference; explicitFileType = sourcecode.cpp.cpp; fileEncoding = 30; name = Status.cpp; path = src/core/Status.cpp; sourceTree = SOURCE_ROOT; };
		DCD5F898419E9A122FCFE280 /* ValueSupplier.h */ = {isa = PBXFileReference; explicitFileType = sourcecode.c.h; fileEncoding = 30; name = ValueSupplier.h; path = src/core/ValueSupplier.h; sourceTree = SOURCE_ROOT; };
		DD90AC05CFB8157154EA2881 /* ofxDatGuiEvents.h */ = {isa = PBXFileReference; explicitFileType = sourcecode.c.h; fileEncoding = 30; name = ofxDatGuiEvents.h; path = ../../of_v0.9.3_osx_release/addons/ofxDatGui/src/core/ofxDatGuiEvents.h; sourceTree = SOURCE_ROOT; };
		DF6ADD8191A4BA65ACEF603F /* ofxPanel.h */ = {isa = PBXFileReference; explicitFileType = sourcecode.c.h; fileEncoding = 30; name = ofxPanel.h; path = ../../of_v0.9.3_osx_release/addons/ofxGui/src/ofxPanel.h; sourceTree = SOURCE_ROOT; };
		DFC44816FA79F669BBF0EC7A /* OccurrencesController.h */ = {isa = PBXFileReference; explicitFileType = sourcecode.c.h; fileEncoding = 30; name = OccurrencesController.h; path = src/core/OccurrencesController.h; sourceTree = SOURCE_ROOT; };
		E273EEB8AE7904F98040A557 /* ParamsGui.h */ = {isa = PBXFileReference; explicitFileType = sourcecode.c.h; fileEncoding = 30; name = ParamsGui.h; path = src/core/ParamsGui.h; sourceTree = SOURCE_ROOT; };
		E4328143138ABC890047C5CB /* openFrameworksLib.xcodeproj */ = {isa = PBXFileReference; lastKnownFileType = "wrapper.pb-project"; name = openFrameworksLib.xcodeproj; path = ../../of_v0.9.3_osx_release/libs/openFrameworksCompiled/project/osx/openFrameworksLib.xcodeproj; sourceTree = SOURCE_ROOT; };
		E4B69B5B0A3A1756003C02F2 /* memoryDebug.app */ = {isa = PBXFileReference; explicitFileType = wrapper.application; includeInIndex = 0; path = memoryDebug.app; sourceTree = BUILT_PRODUCTS_DIR; };
		E4B6FCAD0C3E899E008CF71C /* openFrameworks-Info.plist */ = {isa = PBXFileReference; fileEncoding = 30; lastKnownFileType = text.plist.xml; path = "openFrameworks-Info.plist"; sourceTree = "<group>"; };
		E4EB691F138AFCF100A09F29 /* CoreOF.xcconfig */ = {isa = PBXFileReference; fileEncoding = 4; lastKnownFileType = text.xcconfig; name = CoreOF.xcconfig; path = ../../of_v0.9.3_osx_release/libs/openFrameworksCompiled/project/osx/CoreOF.xcconfig; sourceTree = SOURCE_ROOT; };
		E4EB6923138AFD0F00A09F29 /* Project.xcconfig */ = {isa = PBXFileReference; fileEncoding = 4; lastKnownFileType = text.xcconfig; path = Project.xcconfig; sourceTree = "<group>"; };
		E6FA95564CAB1A6A26998186 /* ofxBaseGui.h */ = {isa = PBXFileReference; explicitFileType = sourcecode.c.h; fileEncoding = 30; name = ofxBaseGui.h; path = ../../of_v0.9.3_osx_release/addons/ofxGui/src/ofxBaseGui.h; sourceTree = SOURCE_ROOT; };
		E714069016FC9AE5D8E239FB /* Events.cpp */ = {isa = PBXFileReference; explicitFileType = sourcecode.cpp.cpp; fileEncoding = 30; name = Events.cpp; path = src/core/Events.cpp; sourceTree = SOURCE_ROOT; };
		E897E843F4E44018FDE01A34 /* ofxScreenLoggerChannel.cpp */ = {isa = PBXFileReference; explicitFileType = sourcecode.cpp.cpp; fileEncoding = 30; name = ofxScreenLoggerChannel.cpp; path = ../../of_v0.9.3_osx_release/addons/ofxLoggerChannel/src/ofxScreenLoggerChannel.cpp; sourceTree = SOURCE_ROOT; };
		EB976889384E808C423CE477 /* ofxSyphonServer.h */ = {isa = PBXFileReference; explicitFileType = sourcecode.c.h; fileEncoding = 30; name = ofxSyphonServer.h; path = ../../of_v0.9.3_osx_release/addons/ofxSyphon/src/ofxSyphonServer.h; sourceTree = SOURCE_ROOT; };
		ED1E236F3CF91768C675C432 /* OccurrenceEntity.cpp */ = {isa = PBXFileReference; explicitFileType = sourcecode.cpp.cpp; fileEncoding = 30; name = OccurrenceEntity.cpp; path = src/core/OccurrenceEntity.cpp; sourceTree = SOURCE_ROOT; };
		EF3A3B4184C0BD92ED93C143 /* Params.h */ = {isa = PBXFileReference; explicitFileType = sourcecode.c.h; fileEncoding = 30; name = Params.h; path = src/core/Params.h; sourceTree = SOURCE_ROOT; };
		F1FEB66CE88C2B47C1925F8C /* ofxPanel.cpp */ = {isa = PBXFileReference; explicitFileType = sourcecode.cpp.cpp; fileEncoding = 30; name = ofxPanel.cpp; path = ../../of_v0.9.3_osx_release/addons/ofxGui/src/ofxPanel.cpp; sourceTree = SOURCE_ROOT; };
		F2DFEDC5C804323DDDAA56B1 /* ofxToggle.cpp */ = {isa = PBXFileReference; explicitFileType = sourcecode.cpp.cpp; fileEncoding = 30; name = ofxToggle.cpp; path = ../../of_v0.9.3_osx_release/addons/ofxGui/src/ofxToggle.cpp; sourceTree = SOURCE_ROOT; };
		F38907EC6905E539FB6235FC /* ParticleObject.cpp */ = {isa = PBXFileReference; explicitFileType = sourcecode.cpp.cpp; fileEncoding = 30; name = ParticleObject.cpp; path = src/core/ParticleObject.cpp; sourceTree = SOURCE_ROOT; };
		F5CE2B494B5EBDE056DBBC17 /* ofxSyphonServer.mm */ = {isa = PBXFileReference; explicitFileType = sourcecode.cpp.objcpp; fileEncoding = 30; name = ofxSyphonServer.mm; path = ../../of_v0.9.3_osx_release/addons/ofxSyphon/src/ofxSyphonServer.mm; sourceTree = SOURCE_ROOT; };
		FD6B7850CF95A20F74FB0D3A /* ofxDatGuiFRM.h */ = {isa = PBXFileReference; explicitFileType = sourcecode.c.h; fileEncoding = 30; name = ofxDatGuiFRM.h; path = ../../of_v0.9.3_osx_release/addons/ofxDatGui/src/components/ofxDatGuiFRM.h; sourceTree = SOURCE_ROOT; };
		FDA9887B27C2BDEFDDAD2E3A /* ofxSyphonClient.mm */ = {isa = PBXFileReference; explicitFileType = sourcecode.cpp.objcpp; fileEncoding = 30; name = ofxSyphonClient.mm; path = ../../of_v0.9.3_osx_release/addons/ofxSyphon/src/ofxSyphonClient.mm; sourceTree = SOURCE_ROOT; };
		FE2A2263379000D359CB7227 /* ofxSlider.h */ = {isa = PBXFileReference; explicitFileType = sourcecode.c.h; fileEncoding = 30; name = ofxSlider.h; path = ../../of_v0.9.3_osx_release/addons/ofxGui/src/ofxSlider.h; sourceTree = SOURCE_ROOT; };
		FF472E5FA7491303FFC0EA9F /* ObserversController.cpp */ = {isa = PBXFileReference; explicitFileType = sourcecode.cpp.cpp; fileEncoding = 30; name = ObserversController.cpp; path = src/core/ObserversController.cpp; sourceTree = SOURCE_ROOT; };
/* End PBXFileReference section */

/* Begin PBXFrameworksBuildPhase section */
		E4B69B590A3A1756003C02F2 /* Frameworks */ = {
			isa = PBXFrameworksBuildPhase;
			buildActionMask = 2147483647;
			files = (
				E4328149138ABC9F0047C5CB /* openFrameworksDebug.a in Frameworks */,
				E1A3FD40C8BCD507345F1126 /* Syphon.framework in Frameworks */,
			);
			runOnlyForDeploymentPostprocessing = 0;
		};
/* End PBXFrameworksBuildPhase section */

/* Begin PBXGroup section */
		0EF29D3ABD6E4147AE024D7A /* ofxSmartFont */ = {
			isa = PBXGroup;
			children = (
				D4757C3C9BDF49F1DAD04AB5 /* ofxSmartFont.cpp */,
				DC57EE2B6865A8B4D30C6E56 /* ofxSmartFont.h */,
			);
			name = ofxSmartFont;
			sourceTree = "<group>";
		};
		1F4FB5C423662B96ADFDCC0B /* ofxXmlSettings */ = {
			isa = PBXGroup;
			children = (
				6ECEF0D76BC33727823EADFF /* src */,
				6E54289412D2D94F45A05113 /* libs */,
			);
			name = ofxXmlSettings;
			sourceTree = "<group>";
		};
		2317994671CD76BBA16927B8 /* libs */ = {
			isa = PBXGroup;
			children = (
				65F3085962B3A8825746C3C2 /* Syphon */,
			);
			name = libs;
			sourceTree = "<group>";
		};
		398D2AD7D162CE13BF40CD4F /* lib */ = {
			isa = PBXGroup;
			children = (
				821159A073ABA066739FD401 /* osx */,
			);
			name = lib;
			sourceTree = "<group>";
		};
		480A780D8D0308AE4A368801 /* ofxGui */ = {
			isa = PBXGroup;
			children = (
				A763ED608B35AE3310251DEE /* src */,
			);
			name = ofxGui;
			sourceTree = "<group>";
		};
		49A9E39C52C2DF4DDA1E185F /* src */ = {
			isa = PBXGroup;
			children = (
				77F5A11629DFF28DDE5109B4 /* ofxSyphon.h */,
				B5557E4DE42EB7CCBFC1D7CD /* ofxSyphonClient.h */,
				FDA9887B27C2BDEFDDAD2E3A /* ofxSyphonClient.mm */,
				EB976889384E808C423CE477 /* ofxSyphonServer.h */,
				F5CE2B494B5EBDE056DBBC17 /* ofxSyphonServer.mm */,
				822E790B3912E3C02B0B8D86 /* ofxSyphonServerDirectory.h */,
				900084171B4F763F50B3B47A /* ofxSyphonServerDirectory.mm */,
			);
			name = src;
			sourceTree = "<group>";
		};
		50EAFB5FF7C5722E7B4895C7 /* src */ = {
			isa = PBXGroup;
			children = (
				1A5C23DAFEE4E3049A5BA4BE /* SyphonNameboundClient.h */,
				27E58A989EB67375DD408B1E /* SyphonNameboundClient.m */,
			);
			name = src;
			sourceTree = "<group>";
		};
		5D5C0AE687AC481A1CA3E1C2 /* ofxMSATimer */ = {
			isa = PBXGroup;
			children = (
				B0520B7D20D3F978FD735878 /* src */,
			);
			name = ofxMSATimer;
			sourceTree = "<group>";
		};
		65F3085962B3A8825746C3C2 /* Syphon */ = {
			isa = PBXGroup;
			children = (
				50EAFB5FF7C5722E7B4895C7 /* src */,
				398D2AD7D162CE13BF40CD4F /* lib */,
			);
			name = Syphon;
			sourceTree = "<group>";
		};
		69146F0BA46E48E576618E5E /* libs */ = {
			isa = PBXGroup;
			children = (
				0EF29D3ABD6E4147AE024D7A /* ofxSmartFont */,
			);
			name = libs;
			sourceTree = "<group>";
		};
		6948EE371B920CB800B5AC1A /* local_addons */ = {
			isa = PBXGroup;
			children = (
			);
			name = local_addons;
			sourceTree = "<group>";
		};
		6E54289412D2D94F45A05113 /* libs */ = {
			isa = PBXGroup;
			children = (
				4AA7876E8AE07A41B33AD46E /* tinyxml.cpp */,
				9DB506652351C4E71E488395 /* tinyxml.h */,
				BC825A4168A0DF78F0ACE6A7 /* tinyxmlerror.cpp */,
				27E603A09371D4F201E7AB74 /* tinyxmlparser.cpp */,
			);
			name = libs;
			sourceTree = "<group>";
		};
		6ECEF0D76BC33727823EADFF /* src */ = {
			isa = PBXGroup;
			children = (
				77B6A122F59697CD3D883DA2 /* ofxXmlSettings.cpp */,
				3137CEF1BCCAD71B77E1C2E6 /* ofxXmlSettings.h */,
			);
			name = src;
			sourceTree = "<group>";
		};
		73252C2D4C7012665A9367CD /* ofxTextAlign */ = {
			isa = PBXGroup;
			children = (
				8D82D69CE80FD55076D0A11A /* src */,
			);
			name = ofxTextAlign;
			sourceTree = "<group>";
		};
		7F3C04577424427D348B1425 /* ofxSyphon */ = {
			isa = PBXGroup;
			children = (
				49A9E39C52C2DF4DDA1E185F /* src */,
				2317994671CD76BBA16927B8 /* libs */,
			);
			name = ofxSyphon;
			sourceTree = "<group>";
		};
		821159A073ABA066739FD401 /* osx */ = {
			isa = PBXGroup;
			children = (
				D58DCB2C0AEFDE6171E29540 /* Syphon.framework */,
			);
			name = osx;
			sourceTree = "<group>";
		};
		87B7C64C02AE5E3940E65825 /* src */ = {
			isa = PBXGroup;
			children = (
				1871276E2C2105C9C717619A /* ofxLiquidEvent.h */,
			);
			name = src;
			sourceTree = "<group>";
		};
		8870759BC9CAEA1E4E9EA3A8 /* core */ = {
			isa = PBXGroup;
			children = (
				345DDFA744B2429A442E997F /* ofxDatGuiComponent.cpp */,
				582597DC377ECBB19944EEC9 /* ofxDatGuiComponent.h */,
				BC1CCF542D2FFA5D456D48E4 /* ofxDatGuiConstants.h */,
				DD90AC05CFB8157154EA2881 /* ofxDatGuiEvents.h */,
				05F9F27640A2C6BA22F76E6C /* ofxDatGuiIntObject.h */,
			);
			name = core;
			sourceTree = "<group>";
		};
		8D82D69CE80FD55076D0A11A /* src */ = {
			isa = PBXGroup;
			children = (
				37AAD52AEE519A889E5A8B9D /* ofxTextAlign.cpp */,
				CE2C9FDB26DB9F29B0989312 /* ofxTextAlign.h */,
				D917BC46A056629ECC270C08 /* ofxTextAlignTTF.cpp */,
				169A7495494F5C1E216A2174 /* ofxTextAlignTTF.h */,
			);
			name = src;
			sourceTree = "<group>";
		};
		911FE1C75E520EE70A7B4830 /* themes */ = {
			isa = PBXGroup;
			children = (
				294DAE3A8718C89A6FA642D4 /* ofxDatGuiTheme.h */,
				9CFE7A80FCB3B01A4F2FE5F8 /* ofxDatGuiThemes.h */,
			);
			name = themes;
			sourceTree = "<group>";
		};
		947FCD1248D8B0A16B53C1AA /* components */ = {
			isa = PBXGroup;
			children = (
				684721825A36D7F0FB1DF84F /* ofxDatGui2dPad.h */,
				A3312DBDB5D70B87AB6AB9F5 /* ofxDatGuiButton.h */,
				C1AF18958F2829FEF9DBBB39 /* ofxDatGuiColorPicker.h */,
				1F2CC99241BA73036CFA84A6 /* ofxDatGuiControls.h */,
				FD6B7850CF95A20F74FB0D3A /* ofxDatGuiFRM.h */,
				A38BC582B561AB5BC8A07D66 /* ofxDatGuiGroups.h */,
				32831CD20CC05BAA1B5697B3 /* ofxDatGuiLabel.h */,
				557B74EE7D901D8FCBAC977D /* ofxDatGuiMatrix.h */,
				4121B06355C54F47E889AF24 /* ofxDatGuiScrollView.h */,
				136AAE26EFF2EF319484E5DF /* ofxDatGuiSlider.h */,
				031D2F330A586C93291D5773 /* ofxDatGuiTextInput.h */,
				2C1FE410E3EAE25FBE59E368 /* ofxDatGuiTextInputField.h */,
				8D2A8D41F40187F278A7449C /* ofxDatGuiTimeGraph.h */,
			);
			name = components;
			sourceTree = "<group>";
		};
		A763ED608B35AE3310251DEE /* src */ = {
			isa = PBXGroup;
			children = (
				A03571044EBB2DB95F16A0C2 /* ofxBaseGui.cpp */,
				E6FA95564CAB1A6A26998186 /* ofxBaseGui.h */,
				17FCD68AEE2DE0B3A43C4C71 /* ofxButton.cpp */,
				36AFCF9C48B26AC8B17E9C98 /* ofxButton.h */,
				AEBD31FAD3848740F78A7596 /* ofxGui.h */,
				7CE452C77AF7B96205848C7E /* ofxGuiGroup.cpp */,
				364DF778A13D6112AD85DBBA /* ofxGuiGroup.h */,
				10E1EFE181FE634470793842 /* ofxLabel.cpp */,
				8FC228FDBD8EBDF3566FFA28 /* ofxLabel.h */,
				F1FEB66CE88C2B47C1925F8C /* ofxPanel.cpp */,
				DF6ADD8191A4BA65ACEF603F /* ofxPanel.h */,
				B4485ECA6D65C95823CB2AB2 /* ofxSlider.cpp */,
				FE2A2263379000D359CB7227 /* ofxSlider.h */,
				088D20E7FB38937AE60F997D /* ofxSliderGroup.cpp */,
				C61E6252FE237B3F16BFBC43 /* ofxSliderGroup.h */,
				F2DFEDC5C804323DDDAA56B1 /* ofxToggle.cpp */,
				07FEE36BDA17A50322435583 /* ofxToggle.h */,
			);
			name = src;
			sourceTree = "<group>";
		};
		B0520B7D20D3F978FD735878 /* src */ = {
			isa = PBXGroup;
			children = (
				0DF10023D165DC9596D26531 /* MSATimer.h */,
			);
			name = src;
			sourceTree = "<group>";
		};
		BB4B014C10F69532006C3DED /* addons */ = {
			isa = PBXGroup;
			children = (
				D8DD1043C333F6F63C8685E6 /* ofxDatGui */,
				480A780D8D0308AE4A368801 /* ofxGui */,
				CF1B72478A403C7607813DC5 /* ofxLiquidEvent */,
				F98ABA024A65B4A6F9F70B2B /* ofxLoggerChannel */,
				5D5C0AE687AC481A1CA3E1C2 /* ofxMSATimer */,
				7F3C04577424427D348B1425 /* ofxSyphon */,
				73252C2D4C7012665A9367CD /* ofxTextAlign */,
				1F4FB5C423662B96ADFDCC0B /* ofxXmlSettings */,
			);
			name = addons;
			sourceTree = "<group>";
		};
		BC405D98CD8417CE9E222B0C /* core */ = {
			isa = PBXGroup;
			children = (
				9A196D8A32E95807070B6231 /* AnimationObject.cpp */,
				BA07C47C80DF8A31D74FCF0A /* AnimationObject.h */,
				2F4C85EEEB5DF2381CA513CF /* AnimationsController.cpp */,
				871145729C2A812E6085F6DD /* AnimationsController.h */,
				D64FC38492D2B36B95A8253D /* Behavior.cpp */,
				0788472FBA8A75644C504F58 /* Behavior.h */,
				01E2025ACF9E0E495D7F12F8 /* Bounds.cpp */,
				B235D09E719D526194402149 /* Bounds.h */,
				B435F280334BE688BF136963 /* Clock.cpp */,
				D9C3827264F0C34537CE0F6E /* Clock.h */,
				1F05D9B2D4915D920A10BE4F /* Colors.cpp */,
				21486E8D0CA688A2FC4DAA74 /* Colors.h */,
				B10D9A4C4D69F318E4DF5F5B /* Common.cpp */,
				8AEEEA82825BAC378C9E347D /* Common.h */,
				E714069016FC9AE5D8E239FB /* Events.cpp */,
				8630FD4BD2D04BDECA67876B /* Events.h */,
				3891F6F7B2BC0BE17DB2E69E /* Interval.cpp */,
				DA37F0EB85A2C8ABCF7DCC58 /* Interval.h */,
				6DA7C49D614EE11BC0871180 /* ObjectManager.h */,
				060B900FD66542BB0792E633 /* ObserverEntity.cpp */,
				73A80F2F0DCFC1E5BBB37370 /* ObserverEntity.h */,
				FF472E5FA7491303FFC0EA9F /* ObserversController.cpp */,
				4845BDCE28A6F7F1386923AF /* ObserversController.h */,
				ED1E236F3CF91768C675C432 /* OccurrenceEntity.cpp */,
				318805936D902B4C2CFCA5B7 /* OccurrenceEntity.h */,
				96C209AE3ABBF4927BA37582 /* OccurrencesController.cpp */,
				DFC44816FA79F669BBF0EC7A /* OccurrencesController.h */,
				581F497F9FA3425721AEB3DC /* Params.cpp */,
				EF3A3B4184C0BD92ED93C143 /* Params.h */,
				97BDF101CE6B95BF10DAE33C /* ParamsGui.cpp */,
				E273EEB8AE7904F98040A557 /* ParamsGui.h */,
				F38907EC6905E539FB6235FC /* ParticleObject.cpp */,
				A11D7F9F3E9B04FB05B5168A /* ParticleObject.h */,
				36B95376ECF45981665C19E8 /* State.cpp */,
				27F7A6AF265FCB06BA639098 /* State.h */,
				DCBEBF66C39747BD1534C1B5 /* Status.cpp */,
				52DA674F75908A4AD4029805 /* Status.h */,
				5F7E08F009A3EAADF7B521FB /* ThresholdRenderer.cpp */,
				CBC98E48A385155AA7A6F024 /* ThresholdRenderer.h */,
				2F31AD800AC5506AE2F4DFC5 /* Timing.cpp */,
				D53E9332C9AE72A5C90B70F3 /* Timing.h */,
				0BA4009FCDB9E3981E59A2ED /* ValueSupplier.cpp */,
				DCD5F898419E9A122FCFE280 /* ValueSupplier.h */,
				4D87DC0B0E54745FACE0A250 /* WorldObject.cpp */,
				0B7DEEEB0F80FDFC6E6829E8 /* WorldObject.h */,
			);
			name = core;
			sourceTree = "<group>";
		};
		BE9DD360F550B0DF4D357E7B /* app */ = {
			isa = PBXGroup;
			children = (
				4A966064480CBCE7D9FE9EA8 /* AppGui.cpp */,
				3CA2A0283E5CE2AA4D5F6C0B /* AppGui.h */,
				7B1EA976C3295181487B1B58 /* AppParameters.cpp */,
				5EA0A1032F532D62BFD5CCB4 /* AppParameters.h */,
				823FBC6F9791944E4D93726D /* main.cpp */,
				203D24998620B1B7C7970E9D /* MemoryApp.cpp */,
				9E6DE711E9DCEFA912FC8D56 /* MemoryApp.h */,
			);
			name = app;
			sourceTree = "<group>";
		};
		C36373DED5B51DDD56BAFD0C /* src */ = {
			isa = PBXGroup;
			children = (
				1E1B9CCE472ADE266C36A578 /* ofxMultiLoggerChannel.cpp */,
				08C4341BA94A0398E5ECBDAA /* ofxMultiLoggerChannel.h */,
				E897E843F4E44018FDE01A34 /* ofxScreenLoggerChannel.cpp */,
				79F3F587E8BE3F79CCCD247A /* ofxScreenLoggerChannel.h */,
			);
			name = src;
			sourceTree = "<group>";
		};
		CF1B72478A403C7607813DC5 /* ofxLiquidEvent */ = {
			isa = PBXGroup;
			children = (
				87B7C64C02AE5E3940E65825 /* src */,
			);
			name = ofxLiquidEvent;
			sourceTree = "<group>";
		};
		D8DD1043C333F6F63C8685E6 /* ofxDatGui */ = {
			isa = PBXGroup;
			children = (
				E9B32C117486580389FAFF01 /* src */,
			);
			name = ofxDatGui;
			sourceTree = "<group>";
		};
		E4328144138ABC890047C5CB /* Products */ = {
			isa = PBXGroup;
			children = (
				E4328148138ABC890047C5CB /* openFrameworksDebug.a */,
			);
			name = Products;
			sourceTree = "<group>";
		};
		E4B69B4A0A3A1720003C02F2 = {
			isa = PBXGroup;
			children = (
				E4B6FCAD0C3E899E008CF71C /* openFrameworks-Info.plist */,
				E4EB6923138AFD0F00A09F29 /* Project.xcconfig */,
				E4B69E1C0A3A1BDC003C02F2 /* src */,
				E4EEC9E9138DF44700A80321 /* openFrameworks */,
				BB4B014C10F69532006C3DED /* addons */,
				6948EE371B920CB800B5AC1A /* local_addons */,
				E4B69B5B0A3A1756003C02F2 /* memoryDebug.app */,
			);
			sourceTree = "<group>";
		};
		E4B69E1C0A3A1BDC003C02F2 /* src */ = {
			isa = PBXGroup;
			children = (
				BE9DD360F550B0DF4D357E7B /* app */,
				BC405D98CD8417CE9E222B0C /* core */,
			);
			path = src;
			sourceTree = SOURCE_ROOT;
		};
		E4EEC9E9138DF44700A80321 /* openFrameworks */ = {
			isa = PBXGroup;
			children = (
				E4EB691F138AFCF100A09F29 /* CoreOF.xcconfig */,
				E4328143138ABC890047C5CB /* openFrameworksLib.xcodeproj */,
			);
			name = openFrameworks;
			sourceTree = "<group>";
		};
		E9B32C117486580389FAFF01 /* src */ = {
			isa = PBXGroup;
			children = (
				947FCD1248D8B0A16B53C1AA /* components */,
				8870759BC9CAEA1E4E9EA3A8 /* core */,
				69146F0BA46E48E576618E5E /* libs */,
				3C6BE771E8343FBE919A101B /* ofxDatGui.cpp */,
				C7E0EFB5CFD7B1F36754D88B /* ofxDatGui.h */,
				911FE1C75E520EE70A7B4830 /* themes */,
			);
			name = src;
			sourceTree = "<group>";
		};
		F98ABA024A65B4A6F9F70B2B /* ofxLoggerChannel */ = {
			isa = PBXGroup;
			children = (
				C36373DED5B51DDD56BAFD0C /* src */,
			);
			name = ofxLoggerChannel;
			sourceTree = "<group>";
		};
/* End PBXGroup section */

/* Begin PBXNativeTarget section */
		E4B69B5A0A3A1756003C02F2 /* memory */ = {
			isa = PBXNativeTarget;
			buildConfigurationList = E4B69B5F0A3A1757003C02F2 /* Build configuration list for PBXNativeTarget "memory" */;
			buildPhases = (
				E4B69B580A3A1756003C02F2 /* Sources */,
				E4B69B590A3A1756003C02F2 /* Frameworks */,
				E4B6FFFD0C3F9AB9008CF71C /* ShellScript */,
				E4C2427710CC5ABF004149E2 /* CopyFiles */,
			);
			buildRules = (
			);
			dependencies = (
				E4EEB9AC138B136A00A80321 /* PBXTargetDependency */,
			);
			name = memory;
			productName = myOFApp;
			productReference = E4B69B5B0A3A1756003C02F2 /* memoryDebug.app */;
			productType = "com.apple.product-type.application";
		};
/* End PBXNativeTarget section */

/* Begin PBXProject section */
		E4B69B4C0A3A1720003C02F2 /* Project object */ = {
			isa = PBXProject;
			attributes = {
				LastUpgradeCheck = 0600;
			};
			buildConfigurationList = E4B69B4D0A3A1720003C02F2 /* Build configuration list for PBXProject "memory" */;
			compatibilityVersion = "Xcode 3.2";
			developmentRegion = English;
			hasScannedForEncodings = 0;
			knownRegions = (
				English,
				Japanese,
				French,
				German,
			);
			mainGroup = E4B69B4A0A3A1720003C02F2;
			productRefGroup = E4B69B4A0A3A1720003C02F2;
			projectDirPath = "";
			projectReferences = (
				{
					ProductGroup = E4328144138ABC890047C5CB /* Products */;
					ProjectRef = E4328143138ABC890047C5CB /* openFrameworksLib.xcodeproj */;
				},
			);
			projectRoot = "";
			targets = (
				E4B69B5A0A3A1756003C02F2 /* memory */,
			);
		};
/* End PBXProject section */

/* Begin PBXReferenceProxy section */
		E4328148138ABC890047C5CB /* openFrameworksDebug.a */ = {
			isa = PBXReferenceProxy;
			fileType = archive.ar;
			path = openFrameworksDebug.a;
			remoteRef = E4328147138ABC890047C5CB /* PBXContainerItemProxy */;
			sourceTree = BUILT_PRODUCTS_DIR;
		};
/* End PBXReferenceProxy section */

/* Begin PBXShellScriptBuildPhase section */
		E4B6FFFD0C3F9AB9008CF71C /* ShellScript */ = {
			isa = PBXShellScriptBuildPhase;
			buildActionMask = 2147483647;
			files = (
			);
			inputPaths = (
			);
			outputPaths = (
			);
			runOnlyForDeploymentPostprocessing = 0;
			shellPath = /bin/sh;
			shellScript = "mkdir -p \"$TARGET_BUILD_DIR/$PRODUCT_NAME.app/Contents/Resources/\"\n# Copy default icon file into App/Resources\nrsync -aved \"$ICON_FILE\" \"$TARGET_BUILD_DIR/$PRODUCT_NAME.app/Contents/Resources/\"\n# Copy libfmod and change install directory for fmod to run\nrsync -aved ../../of_v0.9.3_osx_release/libs/fmodex/lib/osx/libfmodex.dylib \"$TARGET_BUILD_DIR/$PRODUCT_NAME.app/Contents/Frameworks/\";\ninstall_name_tool -change @executable_path/libfmodex.dylib @executable_path/../Frameworks/libfmodex.dylib \"$TARGET_BUILD_DIR/$PRODUCT_NAME.app/Contents/MacOS/$PRODUCT_NAME\";\n# Copy GLUT framework (must remove for AppStore submissions)\nrsync -aved ../../of_v0.9.3_osx_release/libs/glut/lib/osx/GLUT.framework \"$TARGET_BUILD_DIR/$PRODUCT_NAME.app/Contents/Frameworks/\"\n";
		};
/* End PBXShellScriptBuildPhase section */

/* Begin PBXSourcesBuildPhase section */
		E4B69B580A3A1756003C02F2 /* Sources */ = {
			isa = PBXSourcesBuildPhase;
			buildActionMask = 2147483647;
			files = (
				820A1219C69CE65A951DDE7E /* AppGui.cpp in Sources */,
				60C0F24E43C2E04399F8A80E /* AppParameters.cpp in Sources */,
				D265D6207B2184FB12FD93AC /* main.cpp in Sources */,
				FC51CF98DA234C142DDDAF5F /* MemoryApp.cpp in Sources */,
				6D70CF36E4B34CF9AEDE1A0E /* AnimationObject.cpp in Sources */,
				FCACC58AC5D08858CCD6A152 /* AnimationsController.cpp in Sources */,
				960691FA92BF31B9FD010694 /* Behavior.cpp in Sources */,
				A3777C3E983C9FEB544D37B1 /* Bounds.cpp in Sources */,
				BB97C84AA833E40F86213E9B /* Clock.cpp in Sources */,
				75BAB05AEBFC1B777846D687 /* Colors.cpp in Sources */,
				3FE0CFF89D530BE09E0C2503 /* Common.cpp in Sources */,
				16AA3A3C23CDC5941D43516D /* Events.cpp in Sources */,
				7F4DAE7D88443C43EA6E0EF9 /* Interval.cpp in Sources */,
				8A63C26B1BA3667BD5A7F7D5 /* ObserverEntity.cpp in Sources */,
				303A7699975BE096AF46BF57 /* ObserversController.cpp in Sources */,
				EA6C3001ABA7EFDC59645D80 /* OccurrenceEntity.cpp in Sources */,
				3FFEA3E5BD9125BE2DBD6D6A /* OccurrencesController.cpp in Sources */,
				95295DFC21749761D7BF9B18 /* Params.cpp in Sources */,
				AD6E60491FC521ECE393DF78 /* ParamsGui.cpp in Sources */,
				96CF56C32059C367D4ACB8B8 /* ParticleObject.cpp in Sources */,
				7DE30FC333652825841CEBCD /* State.cpp in Sources */,
				D84252FB2EB2F6FE3B325CAA /* Status.cpp in Sources */,
				7BF4542127A5D0073BC80DA1 /* ThresholdRenderer.cpp in Sources */,
				9FF3497170D60884F112833A /* Timing.cpp in Sources */,
				444C9249C057E8536013952B /* ValueSupplier.cpp in Sources */,
				B09A0952D83A495AC78C00A0 /* WorldObject.cpp in Sources */,
				2B8F288F1B4106CC768D4FBE /* ofxDatGuiComponent.cpp in Sources */,
				9E323A6D767216E5BC85DD67 /* ofxSmartFont.cpp in Sources */,
				CBCAFF2D02669C3E7771524B /* ofxDatGui.cpp in Sources */,
				EB3DC41222A933534B9D7969 /* ofxBaseGui.cpp in Sources */,
				F0A84C7C84C257206AC3EB26 /* ofxButton.cpp in Sources */,
				A0DD88127445464D69B7224E /* ofxGuiGroup.cpp in Sources */,
				F339AB5F62C370C58449E370 /* ofxLabel.cpp in Sources */,
				78263DB7A06E5E0226C873CE /* ofxPanel.cpp in Sources */,
				495032EB9D40A69EA3D21086 /* ofxSlider.cpp in Sources */,
				CFB1F10331DE8059FDC79C1D /* ofxSliderGroup.cpp in Sources */,
				BEC7011B31196451456DBC43 /* ofxToggle.cpp in Sources */,
				A5C0430EBC106F9106E17BCF /* ofxMultiLoggerChannel.cpp in Sources */,
				AF4B42216D89DE9CFE2E5420 /* ofxScreenLoggerChannel.cpp in Sources */,
				B6B7568EC592C9325B0750F8 /* ofxSyphonClient.mm in Sources */,
				CA9E1ED3D8C68176CA8E2ABB /* ofxSyphonServer.mm in Sources */,
				2AD48BA65F1504A93216D3CA /* ofxSyphonServerDirectory.mm in Sources */,
				B84B4DC749097B80B3F9A80C /* SyphonNameboundClient.m in Sources */,
				17FE1C423DE74A808D3FEEEE /* ofxTextAlign.cpp in Sources */,
				A791C1E2EECD6035BCBC8ACE /* ofxTextAlignTTF.cpp in Sources */,
				57514656C6121DBD7B1B5F1E /* ofxXmlSettings.cpp in Sources */,
				7F8CE38CEA7B29A08FB87974 /* tinyxml.cpp in Sources */,
				8E4803896B3157AE8ADCB02E /* tinyxmlerror.cpp in Sources */,
				51311032AF6D46EB9144F0C7 /* tinyxmlparser.cpp in Sources */,
			);
			runOnlyForDeploymentPostprocessing = 0;
		};
/* End PBXSourcesBuildPhase section */

/* Begin PBXTargetDependency section */
		E4EEB9AC138B136A00A80321 /* PBXTargetDependency */ = {
			isa = PBXTargetDependency;
			name = openFrameworks;
			targetProxy = E4EEB9AB138B136A00A80321 /* PBXContainerItemProxy */;
		};
/* End PBXTargetDependency section */

/* Begin XCBuildConfiguration section */
		E4B69B4E0A3A1720003C02F2 /* Debug */ = {
			isa = XCBuildConfiguration;
			baseConfigurationReference = E4EB6923138AFD0F00A09F29 /* Project.xcconfig */;
			buildSettings = {
				CONFIGURATION_BUILD_DIR = "$(SRCROOT)/bin/";
				COPY_PHASE_STRIP = NO;
				DEAD_CODE_STRIPPING = YES;
				GCC_AUTO_VECTORIZATION = YES;
				GCC_ENABLE_SSE3_EXTENSIONS = YES;
				GCC_ENABLE_SUPPLEMENTAL_SSE3_INSTRUCTIONS = YES;
				GCC_INLINES_ARE_PRIVATE_EXTERN = NO;
				GCC_OPTIMIZATION_LEVEL = 0;
				GCC_SYMBOLS_PRIVATE_EXTERN = NO;
				GCC_WARN_ABOUT_DEPRECATED_FUNCTIONS = YES;
				GCC_WARN_ABOUT_INVALID_OFFSETOF_MACRO = NO;
				GCC_WARN_ALLOW_INCOMPLETE_PROTOCOL = NO;
				GCC_WARN_UNINITIALIZED_AUTOS = NO;
				GCC_WARN_UNUSED_VALUE = NO;
				GCC_WARN_UNUSED_VARIABLE = NO;
				HEADER_SEARCH_PATHS = (
					"$(OF_CORE_HEADERS)",
					src/app,
					src/core,
					../../of_v0.9.3_osx_release/addons/ofxDatGui/src,
					../../of_v0.9.3_osx_release/addons/ofxDatGui/src/components,
					../../of_v0.9.3_osx_release/addons/ofxDatGui/src/core,
					../../of_v0.9.3_osx_release/addons/ofxDatGui/src/libs,
					../../of_v0.9.3_osx_release/addons/ofxDatGui/src/libs/ofxSmartFont,
					../../of_v0.9.3_osx_release/addons/ofxDatGui/src/themes,
					../../of_v0.9.3_osx_release/addons/ofxGui/src,
					../../of_v0.9.3_osx_release/addons/ofxLiquidEvent/src,
					../../of_v0.9.3_osx_release/addons/ofxLoggerChannel/src,
					../../of_v0.9.3_osx_release/addons/ofxMSATimer/src,
					../../of_v0.9.3_osx_release/addons/ofxSyphon/libs,
					../../of_v0.9.3_osx_release/addons/ofxSyphon/libs/Syphon,
					../../of_v0.9.3_osx_release/addons/ofxSyphon/libs/Syphon/lib,
					../../of_v0.9.3_osx_release/addons/ofxSyphon/libs/Syphon/lib/osx,
					../../of_v0.9.3_osx_release/addons/ofxSyphon/libs/Syphon/src,
					../../of_v0.9.3_osx_release/addons/ofxSyphon/src,
					../../of_v0.9.3_osx_release/addons/ofxTextAlign/src,
					../../of_v0.9.3_osx_release/addons/ofxXmlSettings/libs,
					../../of_v0.9.3_osx_release/addons/ofxXmlSettings/src,
				);
				MACOSX_DEPLOYMENT_TARGET = 10.8;
				ONLY_ACTIVE_ARCH = YES;
				OTHER_CPLUSPLUSFLAGS = (
					"-D__MACOSX_CORE__",
					"-mtune=native",
				);
				SDKROOT = macosx;
			};
			name = Debug;
		};
		E4B69B4F0A3A1720003C02F2 /* Release */ = {
			isa = XCBuildConfiguration;
			baseConfigurationReference = E4EB6923138AFD0F00A09F29 /* Project.xcconfig */;
			buildSettings = {
				CONFIGURATION_BUILD_DIR = "$(SRCROOT)/bin/";
				COPY_PHASE_STRIP = YES;
				DEAD_CODE_STRIPPING = YES;
				GCC_AUTO_VECTORIZATION = YES;
				GCC_ENABLE_SSE3_EXTENSIONS = YES;
				GCC_ENABLE_SUPPLEMENTAL_SSE3_INSTRUCTIONS = YES;
				GCC_INLINES_ARE_PRIVATE_EXTERN = NO;
				GCC_OPTIMIZATION_LEVEL = 3;
				GCC_SYMBOLS_PRIVATE_EXTERN = NO;
				GCC_UNROLL_LOOPS = YES;
				GCC_WARN_ABOUT_DEPRECATED_FUNCTIONS = YES;
				GCC_WARN_ABOUT_INVALID_OFFSETOF_MACRO = NO;
				GCC_WARN_ALLOW_INCOMPLETE_PROTOCOL = NO;
				GCC_WARN_UNINITIALIZED_AUTOS = NO;
				GCC_WARN_UNUSED_VALUE = NO;
				GCC_WARN_UNUSED_VARIABLE = NO;
				HEADER_SEARCH_PATHS = (
					"$(OF_CORE_HEADERS)",
					src/app,
					src/core,
					../../of_v0.9.3_osx_release/addons/ofxDatGui/src,
					../../of_v0.9.3_osx_release/addons/ofxDatGui/src/components,
					../../of_v0.9.3_osx_release/addons/ofxDatGui/src/core,
					../../of_v0.9.3_osx_release/addons/ofxDatGui/src/libs,
					../../of_v0.9.3_osx_release/addons/ofxDatGui/src/libs/ofxSmartFont,
					../../of_v0.9.3_osx_release/addons/ofxDatGui/src/themes,
					../../of_v0.9.3_osx_release/addons/ofxGui/src,
					../../of_v0.9.3_osx_release/addons/ofxLiquidEvent/src,
					../../of_v0.9.3_osx_release/addons/ofxLoggerChannel/src,
					../../of_v0.9.3_osx_release/addons/ofxMSATimer/src,
					../../of_v0.9.3_osx_release/addons/ofxSyphon/libs,
					../../of_v0.9.3_osx_release/addons/ofxSyphon/libs/Syphon,
					../../of_v0.9.3_osx_release/addons/ofxSyphon/libs/Syphon/lib,
					../../of_v0.9.3_osx_release/addons/ofxSyphon/libs/Syphon/lib/osx,
					../../of_v0.9.3_osx_release/addons/ofxSyphon/libs/Syphon/src,
					../../of_v0.9.3_osx_release/addons/ofxSyphon/src,
					../../of_v0.9.3_osx_release/addons/ofxTextAlign/src,
					../../of_v0.9.3_osx_release/addons/ofxXmlSettings/libs,
					../../of_v0.9.3_osx_release/addons/ofxXmlSettings/src,
				);
				MACOSX_DEPLOYMENT_TARGET = 10.8;
				OTHER_CPLUSPLUSFLAGS = (
					"-D__MACOSX_CORE__",
					"-mtune=native",
				);
				SDKROOT = macosx;
			};
			name = Release;
		};
		E4B69B600A3A1757003C02F2 /* Debug */ = {
			isa = XCBuildConfiguration;
			baseConfigurationReference = E4EB6923138AFD0F00A09F29 /* Project.xcconfig */;
			buildSettings = {
				COMBINE_HIDPI_IMAGES = YES;
				COPY_PHASE_STRIP = NO;
				FRAMEWORK_SEARCH_PATHS = (
					"$(inherited)",
					"$(FRAMEWORK_SEARCH_PATHS_QUOTED_FOR_TARGET_1)",
					../../of_v0.9.3_osx_release/addons/ofxSyphon/libs/Syphon/lib/osx,
				);
				FRAMEWORK_SEARCH_PATHS_QUOTED_FOR_TARGET_1 = "\"$(SRCROOT)/../../of_v0.9.3_osx_release/libs/glut/lib/osx\"";
				GCC_DYNAMIC_NO_PIC = NO;
				GCC_GENERATE_DEBUGGING_SYMBOLS = YES;
				GCC_MODEL_TUNING = NONE;
				HEADER_SEARCH_PATHS = (
					"$(OF_CORE_HEADERS)",
					src/app,
					src/core,
					../../of_v0.9.3_osx_release/addons/ofxDatGui/src,
					../../of_v0.9.3_osx_release/addons/ofxDatGui/src/components,
					../../of_v0.9.3_osx_release/addons/ofxDatGui/src/core,
					../../of_v0.9.3_osx_release/addons/ofxDatGui/src/libs,
					../../of_v0.9.3_osx_release/addons/ofxDatGui/src/libs/ofxSmartFont,
					../../of_v0.9.3_osx_release/addons/ofxDatGui/src/themes,
					../../of_v0.9.3_osx_release/addons/ofxGui/src,
					../../of_v0.9.3_osx_release/addons/ofxLiquidEvent/src,
					../../of_v0.9.3_osx_release/addons/ofxLoggerChannel/src,
					../../of_v0.9.3_osx_release/addons/ofxMSATimer/src,
					../../of_v0.9.3_osx_release/addons/ofxSyphon/libs,
					../../of_v0.9.3_osx_release/addons/ofxSyphon/libs/Syphon,
					../../of_v0.9.3_osx_release/addons/ofxSyphon/libs/Syphon/lib,
					../../of_v0.9.3_osx_release/addons/ofxSyphon/libs/Syphon/lib/osx,
					../../of_v0.9.3_osx_release/addons/ofxSyphon/libs/Syphon/src,
					../../of_v0.9.3_osx_release/addons/ofxSyphon/src,
					../../of_v0.9.3_osx_release/addons/ofxTextAlign/src,
					../../of_v0.9.3_osx_release/addons/ofxXmlSettings/libs,
					../../of_v0.9.3_osx_release/addons/ofxXmlSettings/src,
				);
				ICON = "$(ICON_NAME_DEBUG)";
				ICON_FILE = "$(ICON_FILE_PATH)$(ICON)";
				INFOPLIST_FILE = "openFrameworks-Info.plist";
				INSTALL_PATH = /Applications;
				LIBRARY_SEARCH_PATHS = "$(inherited)";
				PRODUCT_NAME = "$(TARGET_NAME)Debug";
				WRAPPER_EXTENSION = app;
			};
			name = Debug;
		};
		E4B69B610A3A1757003C02F2 /* Release */ = {
			isa = XCBuildConfiguration;
			baseConfigurationReference = E4EB6923138AFD0F00A09F29 /* Project.xcconfig */;
			buildSettings = {
				COMBINE_HIDPI_IMAGES = YES;
				COPY_PHASE_STRIP = YES;
				FRAMEWORK_SEARCH_PATHS = (
					"$(inherited)",
					"$(FRAMEWORK_SEARCH_PATHS_QUOTED_FOR_TARGET_1)",
					../../of_v0.9.3_osx_release/addons/ofxSyphon/libs/Syphon/lib/osx,
				);
				FRAMEWORK_SEARCH_PATHS_QUOTED_FOR_TARGET_1 = "\"$(SRCROOT)/../../of_v0.9.3_osx_release/libs/glut/lib/osx\"";
				GCC_GENERATE_DEBUGGING_SYMBOLS = YES;
				GCC_MODEL_TUNING = NONE;
				HEADER_SEARCH_PATHS = (
					"$(OF_CORE_HEADERS)",
					src/app,
					src/core,
					../../of_v0.9.3_osx_release/addons/ofxDatGui/src,
					../../of_v0.9.3_osx_release/addons/ofxDatGui/src/components,
					../../of_v0.9.3_osx_release/addons/ofxDatGui/src/core,
					../../of_v0.9.3_osx_release/addons/ofxDatGui/src/libs,
					../../of_v0.9.3_osx_release/addons/ofxDatGui/src/libs/ofxSmartFont,
					../../of_v0.9.3_osx_release/addons/ofxDatGui/src/themes,
					../../of_v0.9.3_osx_release/addons/ofxGui/src,
					../../of_v0.9.3_osx_release/addons/ofxLiquidEvent/src,
					../../of_v0.9.3_osx_release/addons/ofxLoggerChannel/src,
					../../of_v0.9.3_osx_release/addons/ofxMSATimer/src,
					../../of_v0.9.3_osx_release/addons/ofxSyphon/libs,
					../../of_v0.9.3_osx_release/addons/ofxSyphon/libs/Syphon,
					../../of_v0.9.3_osx_release/addons/ofxSyphon/libs/Syphon/lib,
					../../of_v0.9.3_osx_release/addons/ofxSyphon/libs/Syphon/lib/osx,
					../../of_v0.9.3_osx_release/addons/ofxSyphon/libs/Syphon/src,
					../../of_v0.9.3_osx_release/addons/ofxSyphon/src,
					../../of_v0.9.3_osx_release/addons/ofxTextAlign/src,
					../../of_v0.9.3_osx_release/addons/ofxXmlSettings/libs,
					../../of_v0.9.3_osx_release/addons/ofxXmlSettings/src,
				);
				ICON = "$(ICON_NAME_RELEASE)";
				ICON_FILE = "$(ICON_FILE_PATH)$(ICON)";
				INFOPLIST_FILE = "openFrameworks-Info.plist";
				INSTALL_PATH = /Applications;
				LIBRARY_SEARCH_PATHS = "$(inherited)";
				PRODUCT_NAME = "$(TARGET_NAME)";
				WRAPPER_EXTENSION = app;
				baseConfigurationReference = E4EB6923138AFD0F00A09F29;
			};
			name = Release;
		};
/* End XCBuildConfiguration section */

/* Begin XCConfigurationList section */
		E4B69B4D0A3A1720003C02F2 /* Build configuration list for PBXProject "memory" */ = {
			isa = XCConfigurationList;
			buildConfigurations = (
				E4B69B4E0A3A1720003C02F2 /* Debug */,
				E4B69B4F0A3A1720003C02F2 /* Release */,
			);
			defaultConfigurationIsVisible = 0;
			defaultConfigurationName = Release;
		};
		E4B69B5F0A3A1757003C02F2 /* Build configuration list for PBXNativeTarget "memory" */ = {
			isa = XCConfigurationList;
			buildConfigurations = (
				E4B69B600A3A1757003C02F2 /* Debug */,
				E4B69B610A3A1757003C02F2 /* Release */,
			);
			defaultConfigurationIsVisible = 0;
			defaultConfigurationName = Release;
		};
/* End XCConfigurationList section */
	};
	rootObject = E4B69B4C0A3A1720003C02F2 /* Project object */;
}
