// !$*UTF8*$!
{
	archiveVersion = 1;
	classes = {
	};
	objectVersion = 46;
	objects = {

/* Begin PBXBuildFile section */
		16AA3A3C23CDC5941D43516D /* Events.cpp in Sources */ = {isa = PBXBuildFile; fileRef = E714069016FC9AE5D8E239FB /* Events.cpp */; };
		303A7699975BE096AF46BF57 /* ObserversController.cpp in Sources */ = {isa = PBXBuildFile; fileRef = FF472E5FA7491303FFC0EA9F /* ObserversController.cpp */; };
		3285995A1D209F3F00651172 /* Behavior.cpp in Sources */ = {isa = PBXBuildFile; fileRef = 328599581D209F3F00651172 /* Behavior.cpp */; };
		3285995D1D20ABA700651172 /* ParticleObject.cpp in Sources */ = {isa = PBXBuildFile; fileRef = 3285995B1D20ABA700651172 /* ParticleObject.cpp */; };
		32B14F741D20DF5E0029043B /* Bounds.cpp in Sources */ = {isa = PBXBuildFile; fileRef = 32B14F721D20DF5E0029043B /* Bounds.cpp */; };
		3FE0CFF89D530BE09E0C2503 /* Common.cpp in Sources */ = {isa = PBXBuildFile; fileRef = B10D9A4C4D69F318E4DF5F5B /* Common.cpp */; };
		3FFEA3E5BD9125BE2DBD6D6A /* OccurrencesController.cpp in Sources */ = {isa = PBXBuildFile; fileRef = 96C209AE3ABBF4927BA37582 /* OccurrencesController.cpp */; };
		444C9249C057E8536013952B /* ValueSupplier.cpp in Sources */ = {isa = PBXBuildFile; fileRef = 0BA4009FCDB9E3981E59A2ED /* ValueSupplier.cpp */; };
		495032EB9D40A69EA3D21086 /* ofxSlider.cpp in Sources */ = {isa = PBXBuildFile; fileRef = B4485ECA6D65C95823CB2AB2 /* ofxSlider.cpp */; };
		51311032AF6D46EB9144F0C7 /* tinyxmlparser.cpp in Sources */ = {isa = PBXBuildFile; fileRef = 27E603A09371D4F201E7AB74 /* tinyxmlparser.cpp */; };
		57514656C6121DBD7B1B5F1E /* ofxXmlSettings.cpp in Sources */ = {isa = PBXBuildFile; fileRef = 77B6A122F59697CD3D883DA2 /* ofxXmlSettings.cpp */; };
		60C0F24E43C2E04399F8A80E /* AppParameters.cpp in Sources */ = {isa = PBXBuildFile; fileRef = 7B1EA976C3295181487B1B58 /* AppParameters.cpp */; };
		6D70CF36E4B34CF9AEDE1A0E /* AnimationObject.cpp in Sources */ = {isa = PBXBuildFile; fileRef = 9A196D8A32E95807070B6231 /* AnimationObject.cpp */; };
		78263DB7A06E5E0226C873CE /* ofxPanel.cpp in Sources */ = {isa = PBXBuildFile; fileRef = F1FEB66CE88C2B47C1925F8C /* ofxPanel.cpp */; };
		7DE30FC333652825841CEBCD /* State.cpp in Sources */ = {isa = PBXBuildFile; fileRef = 36B95376ECF45981665C19E8 /* State.cpp */; };
		7F4DAE7D88443C43EA6E0EF9 /* Interval.cpp in Sources */ = {isa = PBXBuildFile; fileRef = 3891F6F7B2BC0BE17DB2E69E /* Interval.cpp */; };
		7F8CE38CEA7B29A08FB87974 /* tinyxml.cpp in Sources */ = {isa = PBXBuildFile; fileRef = 4AA7876E8AE07A41B33AD46E /* tinyxml.cpp */; };
		8A63C26B1BA3667BD5A7F7D5 /* ObserverEntity.cpp in Sources */ = {isa = PBXBuildFile; fileRef = 060B900FD66542BB0792E633 /* ObserverEntity.cpp */; };
		8E4803896B3157AE8ADCB02E /* tinyxmlerror.cpp in Sources */ = {isa = PBXBuildFile; fileRef = BC825A4168A0DF78F0ACE6A7 /* tinyxmlerror.cpp */; };
		9FF3497170D60884F112833A /* Timing.cpp in Sources */ = {isa = PBXBuildFile; fileRef = 2F31AD800AC5506AE2F4DFC5 /* Timing.cpp */; };
		A0DD88127445464D69B7224E /* ofxGuiGroup.cpp in Sources */ = {isa = PBXBuildFile; fileRef = 7CE452C77AF7B96205848C7E /* ofxGuiGroup.cpp */; };
		B09A0952D83A495AC78C00A0 /* WorldObject.cpp in Sources */ = {isa = PBXBuildFile; fileRef = 4D87DC0B0E54745FACE0A250 /* WorldObject.cpp */; };
		BEC7011B31196451456DBC43 /* ofxToggle.cpp in Sources */ = {isa = PBXBuildFile; fileRef = F2DFEDC5C804323DDDAA56B1 /* ofxToggle.cpp */; };
		CFB1F10331DE8059FDC79C1D /* ofxSliderGroup.cpp in Sources */ = {isa = PBXBuildFile; fileRef = 088D20E7FB38937AE60F997D /* ofxSliderGroup.cpp */; };
		D265D6207B2184FB12FD93AC /* main.cpp in Sources */ = {isa = PBXBuildFile; fileRef = 823FBC6F9791944E4D93726D /* main.cpp */; };
		E4328149138ABC9F0047C5CB /* openFrameworksDebug.a in Frameworks */ = {isa = PBXBuildFile; fileRef = E4328148138ABC890047C5CB /* openFrameworksDebug.a */; };
		EA6C3001ABA7EFDC59645D80 /* OccurrenceEntity.cpp in Sources */ = {isa = PBXBuildFile; fileRef = ED1E236F3CF91768C675C432 /* OccurrenceEntity.cpp */; };
		EB3DC41222A933534B9D7969 /* ofxBaseGui.cpp in Sources */ = {isa = PBXBuildFile; fileRef = A03571044EBB2DB95F16A0C2 /* ofxBaseGui.cpp */; };
		F0A84C7C84C257206AC3EB26 /* ofxButton.cpp in Sources */ = {isa = PBXBuildFile; fileRef = 17FCD68AEE2DE0B3A43C4C71 /* ofxButton.cpp */; };
		F339AB5F62C370C58449E370 /* ofxLabel.cpp in Sources */ = {isa = PBXBuildFile; fileRef = 10E1EFE181FE634470793842 /* ofxLabel.cpp */; };
		FC51CF98DA234C142DDDAF5F /* MemoryApp.cpp in Sources */ = {isa = PBXBuildFile; fileRef = 203D24998620B1B7C7970E9D /* MemoryApp.cpp */; };
		FCACC58AC5D08858CCD6A152 /* AnimationsController.cpp in Sources */ = {isa = PBXBuildFile; fileRef = 2F4C85EEEB5DF2381CA513CF /* AnimationsController.cpp */; };
/* End PBXBuildFile section */

/* Begin PBXContainerItemProxy section */
		E4328147138ABC890047C5CB /* PBXContainerItemProxy */ = {
			isa = PBXContainerItemProxy;
			containerPortal = E4328143138ABC890047C5CB /* openFrameworksLib.xcodeproj */;
			proxyType = 2;
			remoteGlobalIDString = E4B27C1510CBEB8E00536013;
			remoteInfo = openFrameworks;
		};
		E4EEB9AB138B136A00A80321 /* PBXContainerItemProxy */ = {
			isa = PBXContainerItemProxy;
			containerPortal = E4328143138ABC890047C5CB /* openFrameworksLib.xcodeproj */;
			proxyType = 1;
			remoteGlobalIDString = E4B27C1410CBEB8E00536013;
			remoteInfo = openFrameworks;
		};
/* End PBXContainerItemProxy section */

/* Begin PBXCopyFilesBuildPhase section */
		E4C2427710CC5ABF004149E2 /* CopyFiles */ = {
			isa = PBXCopyFilesBuildPhase;
			buildActionMask = 2147483647;
			dstPath = "";
			dstSubfolderSpec = 10;
			files = (
			);
			runOnlyForDeploymentPostprocessing = 0;
		};
/* End PBXCopyFilesBuildPhase section */

/* Begin PBXFileReference section */
		060B900FD66542BB0792E633 /* ObserverEntity.cpp */ = {isa = PBXFileReference; explicitFileType = sourcecode.cpp.cpp; fileEncoding = 30; name = ObserverEntity.cpp; path = src/core/ObserverEntity.cpp; sourceTree = SOURCE_ROOT; };
		07FEE36BDA17A50322435583 /* ofxToggle.h */ = {isa = PBXFileReference; explicitFileType = sourcecode.c.h; fileEncoding = 30; name = ofxToggle.h; path = ../../of_v0.9.3_osx_release/addons/ofxGui/src/ofxToggle.h; sourceTree = SOURCE_ROOT; };
		088D20E7FB38937AE60F997D /* ofxSliderGroup.cpp */ = {isa = PBXFileReference; explicitFileType = sourcecode.cpp.cpp; fileEncoding = 30; name = ofxSliderGroup.cpp; path = ../../of_v0.9.3_osx_release/addons/ofxGui/src/ofxSliderGroup.cpp; sourceTree = SOURCE_ROOT; };
		0B7DEEEB0F80FDFC6E6829E8 /* WorldObject.h */ = {isa = PBXFileReference; explicitFileType = sourcecode.c.h; fileEncoding = 30; name = WorldObject.h; path = src/core/WorldObject.h; sourceTree = SOURCE_ROOT; };
		0BA4009FCDB9E3981E59A2ED /* ValueSupplier.cpp */ = {isa = PBXFileReference; explicitFileType = sourcecode.cpp.cpp; fileEncoding = 30; name = ValueSupplier.cpp; path = src/core/ValueSupplier.cpp; sourceTree = SOURCE_ROOT; };
		10E1EFE181FE634470793842 /* ofxLabel.cpp */ = {isa = PBXFileReference; explicitFileType = sourcecode.cpp.cpp; fileEncoding = 30; name = ofxLabel.cpp; path = ../../of_v0.9.3_osx_release/addons/ofxGui/src/ofxLabel.cpp; sourceTree = SOURCE_ROOT; };
		17FCD68AEE2DE0B3A43C4C71 /* ofxButton.cpp */ = {isa = PBXFileReference; explicitFileType = sourcecode.cpp.cpp; fileEncoding = 30; name = ofxButton.cpp; path = ../../of_v0.9.3_osx_release/addons/ofxGui/src/ofxButton.cpp; sourceTree = SOURCE_ROOT; };
		1871276E2C2105C9C717619A /* ofxLiquidEvent.h */ = {isa = PBXFileReference; explicitFileType = sourcecode.c.h; fileEncoding = 30; name = ofxLiquidEvent.h; path = ../../of_v0.9.3_osx_release/addons/ofxLiquidEvent/src/ofxLiquidEvent.h; sourceTree = SOURCE_ROOT; };
		203D24998620B1B7C7970E9D /* MemoryApp.cpp */ = {isa = PBXFileReference; explicitFileType = sourcecode.cpp.cpp; fileEncoding = 30; name = MemoryApp.cpp; path = src/app/MemoryApp.cpp; sourceTree = SOURCE_ROOT; };
		27E603A09371D4F201E7AB74 /* tinyxmlparser.cpp */ = {isa = PBXFileReference; explicitFileType = sourcecode.cpp.cpp; fileEncoding = 30; name = tinyxmlparser.cpp; path = ../../of_v0.9.3_osx_release/addons/ofxXmlSettings/libs/tinyxmlparser.cpp; sourceTree = SOURCE_ROOT; };
		27F7A6AF265FCB06BA639098 /* State.h */ = {isa = PBXFileReference; explicitFileType = sourcecode.c.h; fileEncoding = 30; name = State.h; path = src/core/State.h; sourceTree = SOURCE_ROOT; };
		2F31AD800AC5506AE2F4DFC5 /* Timing.cpp */ = {isa = PBXFileReference; explicitFileType = sourcecode.cpp.cpp; fileEncoding = 30; name = Timing.cpp; path = src/core/Timing.cpp; sourceTree = SOURCE_ROOT; };
		2F4C85EEEB5DF2381CA513CF /* AnimationsController.cpp */ = {isa = PBXFileReference; explicitFileType = sourcecode.cpp.cpp; fileEncoding = 30; name = AnimationsController.cpp; path = src/core/AnimationsController.cpp; sourceTree = SOURCE_ROOT; };
		3137CEF1BCCAD71B77E1C2E6 /* ofxXmlSettings.h */ = {isa = PBXFileReference; explicitFileType = sourcecode.c.h; fileEncoding = 30; name = ofxXmlSettings.h; path = ../../of_v0.9.3_osx_release/addons/ofxXmlSettings/src/ofxXmlSettings.h; sourceTree = SOURCE_ROOT; };
		318805936D902B4C2CFCA5B7 /* OccurrenceEntity.h */ = {isa = PBXFileReference; explicitFileType = sourcecode.c.h; fileEncoding = 30; name = OccurrenceEntity.h; path = src/core/OccurrenceEntity.h; sourceTree = SOURCE_ROOT; };
		328599581D209F3F00651172 /* Behavior.cpp */ = {isa = PBXFileReference; fileEncoding = 4; lastKnownFileType = sourcecode.cpp.cpp; name = Behavior.cpp; path = core/Behavior.cpp; sourceTree = "<group>"; };
		328599591D209F3F00651172 /* Behavior.h */ = {isa = PBXFileReference; fileEncoding = 4; lastKnownFileType = sourcecode.c.h; name = Behavior.h; path = core/Behavior.h; sourceTree = "<group>"; };
		3285995B1D20ABA700651172 /* ParticleObject.cpp */ = {isa = PBXFileReference; fileEncoding = 4; lastKnownFileType = sourcecode.cpp.cpp; name = ParticleObject.cpp; path = core/ParticleObject.cpp; sourceTree = "<group>"; };
		3285995C1D20ABA700651172 /* ParticleObject.h */ = {isa = PBXFileReference; fileEncoding = 4; lastKnownFileType = sourcecode.c.h; name = ParticleObject.h; path = core/ParticleObject.h; sourceTree = "<group>"; };
		32B14F721D20DF5E0029043B /* Bounds.cpp */ = {isa = PBXFileReference; fileEncoding = 4; lastKnownFileType = sourcecode.cpp.cpp; name = Bounds.cpp; path = core/Bounds.cpp; sourceTree = "<group>"; };
		32B14F731D20DF5E0029043B /* Bounds.h */ = {isa = PBXFileReference; fileEncoding = 4; lastKnownFileType = sourcecode.c.h; name = Bounds.h; path = core/Bounds.h; sourceTree = "<group>"; };
		364DF778A13D6112AD85DBBA /* ofxGuiGroup.h */ = {isa = PBXFileReference; explicitFileType = sourcecode.c.h; fileEncoding = 30; name = ofxGuiGroup.h; path = ../../of_v0.9.3_osx_release/addons/ofxGui/src/ofxGuiGroup.h; sourceTree = SOURCE_ROOT; };
		36AFCF9C48B26AC8B17E9C98 /* ofxButton.h */ = {isa = PBXFileReference; explicitFileType = sourcecode.c.h; fileEncoding = 30; name = ofxButton.h; path = ../../of_v0.9.3_osx_release/addons/ofxGui/src/ofxButton.h; sourceTree = SOURCE_ROOT; };
		36B95376ECF45981665C19E8 /* State.cpp */ = {isa = PBXFileReference; explicitFileType = sourcecode.cpp.cpp; fileEncoding = 30; name = State.cpp; path = src/core/State.cpp; sourceTree = SOURCE_ROOT; };
		3891F6F7B2BC0BE17DB2E69E /* Interval.cpp */ = {isa = PBXFileReference; explicitFileType = sourcecode.cpp.cpp; fileEncoding = 30; name = Interval.cpp; path = src/core/Interval.cpp; sourceTree = SOURCE_ROOT; };
		4845BDCE28A6F7F1386923AF /* ObserversController.h */ = {isa = PBXFileReference; explicitFileType = sourcecode.c.h; fileEncoding = 30; name = ObserversController.h; path = src/core/ObserversController.h; sourceTree = SOURCE_ROOT; };
		4AA7876E8AE07A41B33AD46E /* tinyxml.cpp */ = {isa = PBXFileReference; explicitFileType = sourcecode.cpp.cpp; fileEncoding = 30; name = tinyxml.cpp; path = ../../of_v0.9.3_osx_release/addons/ofxXmlSettings/libs/tinyxml.cpp; sourceTree = SOURCE_ROOT; };
		4D87DC0B0E54745FACE0A250 /* WorldObject.cpp */ = {isa = PBXFileReference; explicitFileType = sourcecode.cpp.cpp; fileEncoding = 30; name = WorldObject.cpp; path = src/core/WorldObject.cpp; sourceTree = SOURCE_ROOT; };
		5EA0A1032F532D62BFD5CCB4 /* AppParameters.h */ = {isa = PBXFileReference; explicitFileType = sourcecode.c.h; fileEncoding = 30; name = AppParameters.h; path = src/app/AppParameters.h; sourceTree = SOURCE_ROOT; };
		6DA7C49D614EE11BC0871180 /* ObjectManager.h */ = {isa = PBXFileReference; explicitFileType = sourcecode.c.h; fileEncoding = 30; name = ObjectManager.h; path = src/core/ObjectManager.h; sourceTree = SOURCE_ROOT; };
		73A80F2F0DCFC1E5BBB37370 /* ObserverEntity.h */ = {isa = PBXFileReference; explicitFileType = sourcecode.c.h; fileEncoding = 30; name = ObserverEntity.h; path = src/core/ObserverEntity.h; sourceTree = SOURCE_ROOT; };
		77B6A122F59697CD3D883DA2 /* ofxXmlSettings.cpp */ = {isa = PBXFileReference; explicitFileType = sourcecode.cpp.cpp; fileEncoding = 30; name = ofxXmlSettings.cpp; path = ../../of_v0.9.3_osx_release/addons/ofxXmlSettings/src/ofxXmlSettings.cpp; sourceTree = SOURCE_ROOT; };
		7B1EA976C3295181487B1B58 /* AppParameters.cpp */ = {isa = PBXFileReference; explicitFileType = sourcecode.cpp.cpp; fileEncoding = 30; name = AppParameters.cpp; path = src/app/AppParameters.cpp; sourceTree = SOURCE_ROOT; };
		7CE452C77AF7B96205848C7E /* ofxGuiGroup.cpp */ = {isa = PBXFileReference; explicitFileType = sourcecode.cpp.cpp; fileEncoding = 30; name = ofxGuiGroup.cpp; path = ../../of_v0.9.3_osx_release/addons/ofxGui/src/ofxGuiGroup.cpp; sourceTree = SOURCE_ROOT; };
		823FBC6F9791944E4D93726D /* main.cpp */ = {isa = PBXFileReference; explicitFileType = sourcecode.cpp.cpp; fileEncoding = 30; name = main.cpp; path = src/app/main.cpp; sourceTree = SOURCE_ROOT; };
		8630FD4BD2D04BDECA67876B /* Events.h */ = {isa = PBXFileReference; explicitFileType = sourcecode.c.h; fileEncoding = 30; name = Events.h; path = src/core/Events.h; sourceTree = SOURCE_ROOT; };
		871145729C2A812E6085F6DD /* AnimationsController.h */ = {isa = PBXFileReference; explicitFileType = sourcecode.c.h; fileEncoding = 30; name = AnimationsController.h; path = src/core/AnimationsController.h; sourceTree = SOURCE_ROOT; };
		8AEEEA82825BAC378C9E347D /* Common.h */ = {isa = PBXFileReference; explicitFileType = sourcecode.c.h; fileEncoding = 30; name = Common.h; path = src/core/Common.h; sourceTree = SOURCE_ROOT; };
		8FC228FDBD8EBDF3566FFA28 /* ofxLabel.h */ = {isa = PBXFileReference; explicitFileType = sourcecode.c.h; fileEncoding = 30; name = ofxLabel.h; path = ../../of_v0.9.3_osx_release/addons/ofxGui/src/ofxLabel.h; sourceTree = SOURCE_ROOT; };
		96C209AE3ABBF4927BA37582 /* OccurrencesController.cpp */ = {isa = PBXFileReference; explicitFileType = sourcecode.cpp.cpp; fileEncoding = 30; name = OccurrencesController.cpp; path = src/core/OccurrencesController.cpp; sourceTree = SOURCE_ROOT; };
		9A196D8A32E95807070B6231 /* AnimationObject.cpp */ = {isa = PBXFileReference; explicitFileType = sourcecode.cpp.cpp; fileEncoding = 30; name = AnimationObject.cpp; path = src/core/AnimationObject.cpp; sourceTree = SOURCE_ROOT; };
		9DB506652351C4E71E488395 /* tinyxml.h */ = {isa = PBXFileReference; explicitFileType = sourcecode.c.h; fileEncoding = 30; name = tinyxml.h; path = ../../of_v0.9.3_osx_release/addons/ofxXmlSettings/libs/tinyxml.h; sourceTree = SOURCE_ROOT; };
		9E6DE711E9DCEFA912FC8D56 /* MemoryApp.h */ = {isa = PBXFileReference; explicitFileType = sourcecode.c.h; fileEncoding = 30; name = MemoryApp.h; path = src/app/MemoryApp.h; sourceTree = SOURCE_ROOT; };
		A03571044EBB2DB95F16A0C2 /* ofxBaseGui.cpp */ = {isa = PBXFileReference; explicitFileType = sourcecode.cpp.cpp; fileEncoding = 30; name = ofxBaseGui.cpp; path = ../../of_v0.9.3_osx_release/addons/ofxGui/src/ofxBaseGui.cpp; sourceTree = SOURCE_ROOT; };
		AEBD31FAD3848740F78A7596 /* ofxGui.h */ = {isa = PBXFileReference; explicitFileType = sourcecode.c.h; fileEncoding = 30; name = ofxGui.h; path = ../../of_v0.9.3_osx_release/addons/ofxGui/src/ofxGui.h; sourceTree = SOURCE_ROOT; };
		B10D9A4C4D69F318E4DF5F5B /* Common.cpp */ = {isa = PBXFileReference; explicitFileType = sourcecode.cpp.cpp; fileEncoding = 30; name = Common.cpp; path = src/core/Common.cpp; sourceTree = SOURCE_ROOT; };
		B4485ECA6D65C95823CB2AB2 /* ofxSlider.cpp */ = {isa = PBXFileReference; explicitFileType = sourcecode.cpp.cpp; fileEncoding = 30; name = ofxSlider.cpp; path = ../../of_v0.9.3_osx_release/addons/ofxGui/src/ofxSlider.cpp; sourceTree = SOURCE_ROOT; };
		BA07C47C80DF8A31D74FCF0A /* AnimationObject.h */ = {isa = PBXFileReference; explicitFileType = sourcecode.c.h; fileEncoding = 30; name = AnimationObject.h; path = src/core/AnimationObject.h; sourceTree = SOURCE_ROOT; };
		BC825A4168A0DF78F0ACE6A7 /* tinyxmlerror.cpp */ = {isa = PBXFileReference; explicitFileType = sourcecode.cpp.cpp; fileEncoding = 30; name = tinyxmlerror.cpp; path = ../../of_v0.9.3_osx_release/addons/ofxXmlSettings/libs/tinyxmlerror.cpp; sourceTree = SOURCE_ROOT; };
		C61E6252FE237B3F16BFBC43 /* ofxSliderGroup.h */ = {isa = PBXFileReference; explicitFileType = sourcecode.c.h; fileEncoding = 30; name = ofxSliderGroup.h; path = ../../of_v0.9.3_osx_release/addons/ofxGui/src/ofxSliderGroup.h; sourceTree = SOURCE_ROOT; };
		D53E9332C9AE72A5C90B70F3 /* Timing.h */ = {isa = PBXFileReference; explicitFileType = sourcecode.c.h; fileEncoding = 30; name = Timing.h; path = src/core/Timing.h; sourceTree = SOURCE_ROOT; };
		DA37F0EB85A2C8ABCF7DCC58 /* Interval.h */ = {isa = PBXFileReference; explicitFileType = sourcecode.c.h; fileEncoding = 30; name = Interval.h; path = src/core/Interval.h; sourceTree = SOURCE_ROOT; };
		DCD5F898419E9A122FCFE280 /* ValueSupplier.h */ = {isa = PBXFileReference; explicitFileType = sourcecode.c.h; fileEncoding = 30; name = ValueSupplier.h; path = src/core/ValueSupplier.h; sourceTree = SOURCE_ROOT; };
		DF6ADD8191A4BA65ACEF603F /* ofxPanel.h */ = {isa = PBXFileReference; explicitFileType = sourcecode.c.h; fileEncoding = 30; name = ofxPanel.h; path = ../../of_v0.9.3_osx_release/addons/ofxGui/src/ofxPanel.h; sourceTree = SOURCE_ROOT; };
		DFC44816FA79F669BBF0EC7A /* OccurrencesController.h */ = {isa = PBXFileReference; explicitFileType = sourcecode.c.h; fileEncoding = 30; name = OccurrencesController.h; path = src/core/OccurrencesController.h; sourceTree = SOURCE_ROOT; };
		E4328143138ABC890047C5CB /* openFrameworksLib.xcodeproj */ = {isa = PBXFileReference; lastKnownFileType = "wrapper.pb-project"; name = openFrameworksLib.xcodeproj; path = ../../of_v0.9.3_osx_release/libs/openFrameworksCompiled/project/osx/openFrameworksLib.xcodeproj; sourceTree = SOURCE_ROOT; };
		E4B69B5B0A3A1756003C02F2 /* memory-prototype-2Debug.app */ = {isa = PBXFileReference; explicitFileType = wrapper.application; includeInIndex = 0; path = "memory-prototype-2Debug.app"; sourceTree = BUILT_PRODUCTS_DIR; };
		E4B6FCAD0C3E899E008CF71C /* openFrameworks-Info.plist */ = {isa = PBXFileReference; fileEncoding = 30; lastKnownFileType = text.plist.xml; path = "openFrameworks-Info.plist"; sourceTree = "<group>"; };
		E4EB691F138AFCF100A09F29 /* CoreOF.xcconfig */ = {isa = PBXFileReference; fileEncoding = 4; lastKnownFileType = text.xcconfig; name = CoreOF.xcconfig; path = ../../of_v0.9.3_osx_release/libs/openFrameworksCompiled/project/osx/CoreOF.xcconfig; sourceTree = SOURCE_ROOT; };
		E4EB6923138AFD0F00A09F29 /* Project.xcconfig */ = {isa = PBXFileReference; fileEncoding = 4; lastKnownFileType = text.xcconfig; path = Project.xcconfig; sourceTree = "<group>"; };
		E6FA95564CAB1A6A26998186 /* ofxBaseGui.h */ = {isa = PBXFileReference; explicitFileType = sourcecode.c.h; fileEncoding = 30; name = ofxBaseGui.h; path = ../../of_v0.9.3_osx_release/addons/ofxGui/src/ofxBaseGui.h; sourceTree = SOURCE_ROOT; };
		E714069016FC9AE5D8E239FB /* Events.cpp */ = {isa = PBXFileReference; explicitFileType = sourcecode.cpp.cpp; fileEncoding = 30; name = Events.cpp; path = src/core/Events.cpp; sourceTree = SOURCE_ROOT; };
		ED1E236F3CF91768C675C432 /* OccurrenceEntity.cpp */ = {isa = PBXFileReference; explicitFileType = sourcecode.cpp.cpp; fileEncoding = 30; name = OccurrenceEntity.cpp; path = src/core/OccurrenceEntity.cpp; sourceTree = SOURCE_ROOT; };
		EF3A3B4184C0BD92ED93C143 /* Params.h */ = {isa = PBXFileReference; explicitFileType = sourcecode.c.h; fileEncoding = 30; name = Params.h; path = src/core/Params.h; sourceTree = SOURCE_ROOT; };
		F1FEB66CE88C2B47C1925F8C /* ofxPanel.cpp */ = {isa = PBXFileReference; explicitFileType = sourcecode.cpp.cpp; fileEncoding = 30; name = ofxPanel.cpp; path = ../../of_v0.9.3_osx_release/addons/ofxGui/src/ofxPanel.cpp; sourceTree = SOURCE_ROOT; };
		F2DFEDC5C804323DDDAA56B1 /* ofxToggle.cpp */ = {isa = PBXFileReference; explicitFileType = sourcecode.cpp.cpp; fileEncoding = 30; name = ofxToggle.cpp; path = ../../of_v0.9.3_osx_release/addons/ofxGui/src/ofxToggle.cpp; sourceTree = SOURCE_ROOT; };
		FE2A2263379000D359CB7227 /* ofxSlider.h */ = {isa = PBXFileReference; explicitFileType = sourcecode.c.h; fileEncoding = 30; name = ofxSlider.h; path = ../../of_v0.9.3_osx_release/addons/ofxGui/src/ofxSlider.h; sourceTree = SOURCE_ROOT; };
		FF472E5FA7491303FFC0EA9F /* ObserversController.cpp */ = {isa = PBXFileReference; explicitFileType = sourcecode.cpp.cpp; fileEncoding = 30; name = ObserversController.cpp; path = src/core/ObserversController.cpp; sourceTree = SOURCE_ROOT; };
/* End PBXFileReference section */

/* Begin PBXFrameworksBuildPhase section */
		E4B69B590A3A1756003C02F2 /* Frameworks */ = {
			isa = PBXFrameworksBuildPhase;
			buildActionMask = 2147483647;
			files = (
				E4328149138ABC9F0047C5CB /* openFrameworksDebug.a in Frameworks */,
			);
			runOnlyForDeploymentPostprocessing = 0;
		};
/* End PBXFrameworksBuildPhase section */

/* Begin PBXGroup section */
		1F4FB5C423662B96ADFDCC0B /* ofxXmlSettings */ = {
			isa = PBXGroup;
			children = (
				6ECEF0D76BC33727823EADFF /* src */,
				6E54289412D2D94F45A05113 /* libs */,
			);
			name = ofxXmlSettings;
			sourceTree = "<group>";
		};
		480A780D8D0308AE4A368801 /* ofxGui */ = {
			isa = PBXGroup;
			children = (
				A763ED608B35AE3310251DEE /* src */,
			);
			name = ofxGui;
			sourceTree = "<group>";
		};
		6948EE371B920CB800B5AC1A /* local_addons */ = {
			isa = PBXGroup;
			children = (
			);
			name = local_addons;
			sourceTree = "<group>";
		};
		6E54289412D2D94F45A05113 /* libs */ = {
			isa = PBXGroup;
			children = (
				4AA7876E8AE07A41B33AD46E /* tinyxml.cpp */,
				9DB506652351C4E71E488395 /* tinyxml.h */,
				BC825A4168A0DF78F0ACE6A7 /* tinyxmlerror.cpp */,
				27E603A09371D4F201E7AB74 /* tinyxmlparser.cpp */,
			);
			name = libs;
			sourceTree = "<group>";
		};
		6ECEF0D76BC33727823EADFF /* src */ = {
			isa = PBXGroup;
			children = (
				77B6A122F59697CD3D883DA2 /* ofxXmlSettings.cpp */,
				3137CEF1BCCAD71B77E1C2E6 /* ofxXmlSettings.h */,
			);
			name = src;
			sourceTree = "<group>";
		};
		87B7C64C02AE5E3940E65825 /* src */ = {
			isa = PBXGroup;
			children = (
				1871276E2C2105C9C717619A /* ofxLiquidEvent.h */,
			);
			name = src;
			sourceTree = "<group>";
		};
		A763ED608B35AE3310251DEE /* src */ = {
			isa = PBXGroup;
			children = (
				A03571044EBB2DB95F16A0C2 /* ofxBaseGui.cpp */,
				E6FA95564CAB1A6A26998186 /* ofxBaseGui.h */,
				17FCD68AEE2DE0B3A43C4C71 /* ofxButton.cpp */,
				36AFCF9C48B26AC8B17E9C98 /* ofxButton.h */,
				AEBD31FAD3848740F78A7596 /* ofxGui.h */,
				7CE452C77AF7B96205848C7E /* ofxGuiGroup.cpp */,
				364DF778A13D6112AD85DBBA /* ofxGuiGroup.h */,
				10E1EFE181FE634470793842 /* ofxLabel.cpp */,
				8FC228FDBD8EBDF3566FFA28 /* ofxLabel.h */,
				F1FEB66CE88C2B47C1925F8C /* ofxPanel.cpp */,
				DF6ADD8191A4BA65ACEF603F /* ofxPanel.h */,
				B4485ECA6D65C95823CB2AB2 /* ofxSlider.cpp */,
				FE2A2263379000D359CB7227 /* ofxSlider.h */,
				088D20E7FB38937AE60F997D /* ofxSliderGroup.cpp */,
				C61E6252FE237B3F16BFBC43 /* ofxSliderGroup.h */,
				F2DFEDC5C804323DDDAA56B1 /* ofxToggle.cpp */,
				07FEE36BDA17A50322435583 /* ofxToggle.h */,
			);
			name = src;
			sourceTree = "<group>";
		};
		BB4B014C10F69532006C3DED /* addons */ = {
			isa = PBXGroup;
			children = (
				480A780D8D0308AE4A368801 /* ofxGui */,
				CF1B72478A403C7607813DC5 /* ofxLiquidEvent */,
				1F4FB5C423662B96ADFDCC0B /* ofxXmlSettings */,
			);
			name = addons;
			sourceTree = "<group>";
		};
		BC405D98CD8417CE9E222B0C /* core */ = {
			isa = PBXGroup;
			children = (
				9A196D8A32E95807070B6231 /* AnimationObject.cpp */,
				BA07C47C80DF8A31D74FCF0A /* AnimationObject.h */,
				2F4C85EEEB5DF2381CA513CF /* AnimationsController.cpp */,
				871145729C2A812E6085F6DD /* AnimationsController.h */,
				B10D9A4C4D69F318E4DF5F5B /* Common.cpp */,
				8AEEEA82825BAC378C9E347D /* Common.h */,
				E714069016FC9AE5D8E239FB /* Events.cpp */,
				8630FD4BD2D04BDECA67876B /* Events.h */,
				3891F6F7B2BC0BE17DB2E69E /* Interval.cpp */,
				DA37F0EB85A2C8ABCF7DCC58 /* Interval.h */,
				6DA7C49D614EE11BC0871180 /* ObjectManager.h */,
				060B900FD66542BB0792E633 /* ObserverEntity.cpp */,
				73A80F2F0DCFC1E5BBB37370 /* ObserverEntity.h */,
				FF472E5FA7491303FFC0EA9F /* ObserversController.cpp */,
				4845BDCE28A6F7F1386923AF /* ObserversController.h */,
				ED1E236F3CF91768C675C432 /* OccurrenceEntity.cpp */,
				318805936D902B4C2CFCA5B7 /* OccurrenceEntity.h */,
				96C209AE3ABBF4927BA37582 /* OccurrencesController.cpp */,
				DFC44816FA79F669BBF0EC7A /* OccurrencesController.h */,
				EF3A3B4184C0BD92ED93C143 /* Params.h */,
				36B95376ECF45981665C19E8 /* State.cpp */,
				27F7A6AF265FCB06BA639098 /* State.h */,
				2F31AD800AC5506AE2F4DFC5 /* Timing.cpp */,
				D53E9332C9AE72A5C90B70F3 /* Timing.h */,
				0BA4009FCDB9E3981E59A2ED /* ValueSupplier.cpp */,
				DCD5F898419E9A122FCFE280 /* ValueSupplier.h */,
				4D87DC0B0E54745FACE0A250 /* WorldObject.cpp */,
				0B7DEEEB0F80FDFC6E6829E8 /* WorldObject.h */,
				328599581D209F3F00651172 /* Behavior.cpp */,
				328599591D209F3F00651172 /* Behavior.h */,
				3285995B1D20ABA700651172 /* ParticleObject.cpp */,
				3285995C1D20ABA700651172 /* ParticleObject.h */,
				32B14F721D20DF5E0029043B /* Bounds.cpp */,
				32B14F731D20DF5E0029043B /* Bounds.h */,
			);
			name = core;
			sourceTree = "<group>";
		};
		BE9DD360F550B0DF4D357E7B /* app */ = {
			isa = PBXGroup;
			children = (
				7B1EA976C3295181487B1B58 /* AppParameters.cpp */,
				5EA0A1032F532D62BFD5CCB4 /* AppParameters.h */,
				823FBC6F9791944E4D93726D /* main.cpp */,
				203D24998620B1B7C7970E9D /* MemoryApp.cpp */,
				9E6DE711E9DCEFA912FC8D56 /* MemoryApp.h */,
			);
			name = app;
			sourceTree = "<group>";
		};
		CF1B72478A403C7607813DC5 /* ofxLiquidEvent */ = {
			isa = PBXGroup;
			children = (
				87B7C64C02AE5E3940E65825 /* src */,
			);
			name = ofxLiquidEvent;
			sourceTree = "<group>";
		};
		E4328144138ABC890047C5CB /* Products */ = {
			isa = PBXGroup;
			children = (
				E4328148138ABC890047C5CB /* openFrameworksDebug.a */,
			);
			name = Products;
			sourceTree = "<group>";
		};
		E4B69B4A0A3A1720003C02F2 = {
			isa = PBXGroup;
			children = (
				E4B6FCAD0C3E899E008CF71C /* openFrameworks-Info.plist */,
				E4EB6923138AFD0F00A09F29 /* Project.xcconfig */,
				E4B69E1C0A3A1BDC003C02F2 /* src */,
				E4EEC9E9138DF44700A80321 /* openFrameworks */,
				BB4B014C10F69532006C3DED /* addons */,
				6948EE371B920CB800B5AC1A /* local_addons */,
				E4B69B5B0A3A1756003C02F2 /* memory-prototype-2Debug.app */,
			);
			sourceTree = "<group>";
		};
		E4B69E1C0A3A1BDC003C02F2 /* src */ = {
			isa = PBXGroup;
			children = (
				BE9DD360F550B0DF4D357E7B /* app */,
				BC405D98CD8417CE9E222B0C /* core */,
			);
			path = src;
			sourceTree = SOURCE_ROOT;
		};
		E4EEC9E9138DF44700A80321 /* openFrameworks */ = {
			isa = PBXGroup;
			children = (
				E4EB691F138AFCF100A09F29 /* CoreOF.xcconfig */,
				E4328143138ABC890047C5CB /* openFrameworksLib.xcodeproj */,
			);
			name = openFrameworks;
			sourceTree = "<group>";
		};
/* End PBXGroup section */

/* Begin PBXNativeTarget section */
		E4B69B5A0A3A1756003C02F2 /* memory-prototype-2 */ = {
			isa = PBXNativeTarget;
			buildConfigurationList = E4B69B5F0A3A1757003C02F2 /* Build configuration list for PBXNativeTarget "memory-prototype-2" */;
			buildPhases = (
				E4B69B580A3A1756003C02F2 /* Sources */,
				E4B69B590A3A1756003C02F2 /* Frameworks */,
				E4B6FFFD0C3F9AB9008CF71C /* ShellScript */,
				E4C2427710CC5ABF004149E2 /* CopyFiles */,
			);
			buildRules = (
			);
			dependencies = (
				E4EEB9AC138B136A00A80321 /* PBXTargetDependency */,
			);
			name = "memory-prototype-2";
			productName = myOFApp;
			productReference = E4B69B5B0A3A1756003C02F2 /* memory-prototype-2Debug.app */;
			productType = "com.apple.product-type.application";
		};
/* End PBXNativeTarget section */

/* Begin PBXProject section */
		E4B69B4C0A3A1720003C02F2 /* Project object */ = {
			isa = PBXProject;
			attributes = {
				LastUpgradeCheck = 0600;
			};
			buildConfigurationList = E4B69B4D0A3A1720003C02F2 /* Build configuration list for PBXProject "memory-prototype-2" */;
			compatibilityVersion = "Xcode 3.2";
			developmentRegion = English;
			hasScannedForEncodings = 0;
			knownRegions = (
				English,
				Japanese,
				French,
				German,
			);
			mainGroup = E4B69B4A0A3A1720003C02F2;
			productRefGroup = E4B69B4A0A3A1720003C02F2;
			projectDirPath = "";
			projectReferences = (
				{
					ProductGroup = E4328144138ABC890047C5CB /* Products */;
					ProjectRef = E4328143138ABC890047C5CB /* openFrameworksLib.xcodeproj */;
				},
			);
			projectRoot = "";
			targets = (
				E4B69B5A0A3A1756003C02F2 /* memory-prototype-2 */,
			);
		};
/* End PBXProject section */

/* Begin PBXReferenceProxy section */
		E4328148138ABC890047C5CB /* openFrameworksDebug.a */ = {
			isa = PBXReferenceProxy;
			fileType = archive.ar;
			path = openFrameworksDebug.a;
			remoteRef = E4328147138ABC890047C5CB /* PBXContainerItemProxy */;
			sourceTree = BUILT_PRODUCTS_DIR;
		};
/* End PBXReferenceProxy section */

/* Begin PBXShellScriptBuildPhase section */
		E4B6FFFD0C3F9AB9008CF71C /* ShellScript */ = {
			isa = PBXShellScriptBuildPhase;
			buildActionMask = 2147483647;
			files = (
			);
			inputPaths = (
			);
			outputPaths = (
			);
			runOnlyForDeploymentPostprocessing = 0;
			shellPath = /bin/sh;
			shellScript = "mkdir -p \"$TARGET_BUILD_DIR/$PRODUCT_NAME.app/Contents/Resources/\"\n# Copy default icon file into App/Resources\nrsync -aved \"$ICON_FILE\" \"$TARGET_BUILD_DIR/$PRODUCT_NAME.app/Contents/Resources/\"\n# Copy libfmod and change install directory for fmod to run\nrsync -aved ../../of_v0.9.3_osx_release/libs/fmodex/lib/osx/libfmodex.dylib \"$TARGET_BUILD_DIR/$PRODUCT_NAME.app/Contents/Frameworks/\";\ninstall_name_tool -change @executable_path/libfmodex.dylib @executable_path/../Frameworks/libfmodex.dylib \"$TARGET_BUILD_DIR/$PRODUCT_NAME.app/Contents/MacOS/$PRODUCT_NAME\";\n# Copy GLUT framework (must remove for AppStore submissions)\nrsync -aved ../../of_v0.9.3_osx_release/libs/glut/lib/osx/GLUT.framework \"$TARGET_BUILD_DIR/$PRODUCT_NAME.app/Contents/Frameworks/\"\n";
		};
/* End PBXShellScriptBuildPhase section */

/* Begin PBXSourcesBuildPhase section */
		E4B69B580A3A1756003C02F2 /* Sources */ = {
			isa = PBXSourcesBuildPhase;
			buildActionMask = 2147483647;
			files = (
				60C0F24E43C2E04399F8A80E /* AppParameters.cpp in Sources */,
				D265D6207B2184FB12FD93AC /* main.cpp in Sources */,
				FC51CF98DA234C142DDDAF5F /* MemoryApp.cpp in Sources */,
				6D70CF36E4B34CF9AEDE1A0E /* AnimationObject.cpp in Sources */,
				FCACC58AC5D08858CCD6A152 /* AnimationsController.cpp in Sources */,
				3FE0CFF89D530BE09E0C2503 /* Common.cpp in Sources */,
				16AA3A3C23CDC5941D43516D /* Events.cpp in Sources */,
				32B14F741D20DF5E0029043B /* Bounds.cpp in Sources */,
				7F4DAE7D88443C43EA6E0EF9 /* Interval.cpp in Sources */,
				8A63C26B1BA3667BD5A7F7D5 /* ObserverEntity.cpp in Sources */,
				303A7699975BE096AF46BF57 /* ObserversController.cpp in Sources */,
				EA6C3001ABA7EFDC59645D80 /* OccurrenceEntity.cpp in Sources */,
				3FFEA3E5BD9125BE2DBD6D6A /* OccurrencesController.cpp in Sources */,
				7DE30FC333652825841CEBCD /* State.cpp in Sources */,
				9FF3497170D60884F112833A /* Timing.cpp in Sources */,
				444C9249C057E8536013952B /* ValueSupplier.cpp in Sources */,
				B09A0952D83A495AC78C00A0 /* WorldObject.cpp in Sources */,
				EB3DC41222A933534B9D7969 /* ofxBaseGui.cpp in Sources */,
				F0A84C7C84C257206AC3EB26 /* ofxButton.cpp in Sources */,
				A0DD88127445464D69B7224E /* ofxGuiGroup.cpp in Sources */,
				F339AB5F62C370C58449E370 /* ofxLabel.cpp in Sources */,
				78263DB7A06E5E0226C873CE /* ofxPanel.cpp in Sources */,
				495032EB9D40A69EA3D21086 /* ofxSlider.cpp in Sources */,
				CFB1F10331DE8059FDC79C1D /* ofxSliderGroup.cpp in Sources */,
				BEC7011B31196451456DBC43 /* ofxToggle.cpp in Sources */,
				3285995D1D20ABA700651172 /* ParticleObject.cpp in Sources */,
				57514656C6121DBD7B1B5F1E /* ofxXmlSettings.cpp in Sources */,
				7F8CE38CEA7B29A08FB87974 /* tinyxml.cpp in Sources */,
				8E4803896B3157AE8ADCB02E /* tinyxmlerror.cpp in Sources */,
				51311032AF6D46EB9144F0C7 /* tinyxmlparser.cpp in Sources */,
				3285995A1D209F3F00651172 /* Behavior.cpp in Sources */,
			);
			runOnlyForDeploymentPostprocessing = 0;
		};
/* End PBXSourcesBuildPhase section */

/* Begin PBXTargetDependency section */
		E4EEB9AC138B136A00A80321 /* PBXTargetDependency */ = {
			isa = PBXTargetDependency;
			name = openFrameworks;
			targetProxy = E4EEB9AB138B136A00A80321 /* PBXContainerItemProxy */;
		};
/* End PBXTargetDependency section */

/* Begin XCBuildConfiguration section */
		E4B69B4E0A3A1720003C02F2 /* Debug */ = {
			isa = XCBuildConfiguration;
			baseConfigurationReference = E4EB6923138AFD0F00A09F29 /* Project.xcconfig */;
			buildSettings = {
				CONFIGURATION_BUILD_DIR = "$(SRCROOT)/bin/";
				COPY_PHASE_STRIP = NO;
				DEAD_CODE_STRIPPING = YES;
				GCC_AUTO_VECTORIZATION = YES;
				GCC_ENABLE_SSE3_EXTENSIONS = YES;
				GCC_ENABLE_SUPPLEMENTAL_SSE3_INSTRUCTIONS = YES;
				GCC_INLINES_ARE_PRIVATE_EXTERN = NO;
				GCC_OPTIMIZATION_LEVEL = 0;
				GCC_SYMBOLS_PRIVATE_EXTERN = NO;
				GCC_WARN_ABOUT_DEPRECATED_FUNCTIONS = YES;
				GCC_WARN_ABOUT_INVALID_OFFSETOF_MACRO = NO;
				GCC_WARN_ALLOW_INCOMPLETE_PROTOCOL = NO;
				GCC_WARN_UNINITIALIZED_AUTOS = NO;
				GCC_WARN_UNUSED_VALUE = NO;
				GCC_WARN_UNUSED_VARIABLE = NO;
				HEADER_SEARCH_PATHS = (
					"$(OF_CORE_HEADERS)",
					src/app,
					src/core,
					../../of_v0.9.3_osx_release/addons/ofxGui/src,
					../../of_v0.9.3_osx_release/addons/ofxLiquidEvent/src,
					../../of_v0.9.3_osx_release/addons/ofxXmlSettings/libs,
					../../of_v0.9.3_osx_release/addons/ofxXmlSettings/src,
				);
				MACOSX_DEPLOYMENT_TARGET = 10.8;
				ONLY_ACTIVE_ARCH = YES;
				OTHER_CPLUSPLUSFLAGS = (
					"-D__MACOSX_CORE__",
					"-mtune=native",
				);
				SDKROOT = macosx;
			};
			name = Debug;
		};
		E4B69B4F0A3A1720003C02F2 /* Release */ = {
			isa = XCBuildConfiguration;
			baseConfigurationReference = E4EB6923138AFD0F00A09F29 /* Project.xcconfig */;
			buildSettings = {
				CONFIGURATION_BUILD_DIR = "$(SRCROOT)/bin/";
				COPY_PHASE_STRIP = YES;
				DEAD_CODE_STRIPPING = YES;
				GCC_AUTO_VECTORIZATION = YES;
				GCC_ENABLE_SSE3_EXTENSIONS = YES;
				GCC_ENABLE_SUPPLEMENTAL_SSE3_INSTRUCTIONS = YES;
				GCC_INLINES_ARE_PRIVATE_EXTERN = NO;
				GCC_OPTIMIZATION_LEVEL = 3;
				GCC_SYMBOLS_PRIVATE_EXTERN = NO;
				GCC_UNROLL_LOOPS = YES;
				GCC_WARN_ABOUT_DEPRECATED_FUNCTIONS = YES;
				GCC_WARN_ABOUT_INVALID_OFFSETOF_MACRO = NO;
				GCC_WARN_ALLOW_INCOMPLETE_PROTOCOL = NO;
				GCC_WARN_UNINITIALIZED_AUTOS = NO;
				GCC_WARN_UNUSED_VALUE = NO;
				GCC_WARN_UNUSED_VARIABLE = NO;
				HEADER_SEARCH_PATHS = (
					"$(OF_CORE_HEADERS)",
					src/app,
					src/core,
					../../of_v0.9.3_osx_release/addons/ofxGui/src,
					../../of_v0.9.3_osx_release/addons/ofxLiquidEvent/src,
					../../of_v0.9.3_osx_release/addons/ofxXmlSettings/libs,
					../../of_v0.9.3_osx_release/addons/ofxXmlSettings/src,
				);
				MACOSX_DEPLOYMENT_TARGET = 10.8;
				OTHER_CPLUSPLUSFLAGS = (
					"-D__MACOSX_CORE__",
					"-mtune=native",
				);
				SDKROOT = macosx;
			};
			name = Release;
		};
		E4B69B600A3A1757003C02F2 /* Debug */ = {
			isa = XCBuildConfiguration;
			baseConfigurationReference = E4EB6923138AFD0F00A09F29 /* Project.xcconfig */;
			buildSettings = {
				COMBINE_HIDPI_IMAGES = YES;
				COPY_PHASE_STRIP = NO;
				FRAMEWORK_SEARCH_PATHS = (
					"$(inherited)",
					"$(FRAMEWORK_SEARCH_PATHS_QUOTED_FOR_TARGET_1)",
				);
				FRAMEWORK_SEARCH_PATHS_QUOTED_FOR_TARGET_1 = "\"$(SRCROOT)/../../of_v0.9.3_osx_release/libs/glut/lib/osx\"";
				GCC_DYNAMIC_NO_PIC = NO;
				GCC_GENERATE_DEBUGGING_SYMBOLS = YES;
				GCC_MODEL_TUNING = NONE;
				HEADER_SEARCH_PATHS = (
					"$(OF_CORE_HEADERS)",
					src/app,
					src/core,
					../../of_v0.9.3_osx_release/addons/ofxGui/src,
					../../of_v0.9.3_osx_release/addons/ofxLiquidEvent/src,
					../../of_v0.9.3_osx_release/addons/ofxXmlSettings/libs,
					../../of_v0.9.3_osx_release/addons/ofxXmlSettings/src,
				);
				ICON = "$(ICON_NAME_DEBUG)";
				ICON_FILE = "$(ICON_FILE_PATH)$(ICON)";
				INFOPLIST_FILE = "openFrameworks-Info.plist";
				INSTALL_PATH = /Applications;
				LIBRARY_SEARCH_PATHS = "$(inherited)";
				PRODUCT_NAME = "$(TARGET_NAME)Debug";
				WRAPPER_EXTENSION = app;
			};
			name = Debug;
		};
		E4B69B610A3A1757003C02F2 /* Release */ = {
			isa = XCBuildConfiguration;
			baseConfigurationReference = E4EB6923138AFD0F00A09F29 /* Project.xcconfig */;
			buildSettings = {
				COMBINE_HIDPI_IMAGES = YES;
				COPY_PHASE_STRIP = YES;
				FRAMEWORK_SEARCH_PATHS = (
					"$(inherited)",
					"$(FRAMEWORK_SEARCH_PATHS_QUOTED_FOR_TARGET_1)",
				);
				FRAMEWORK_SEARCH_PATHS_QUOTED_FOR_TARGET_1 = "\"$(SRCROOT)/../../of_v0.9.3_osx_release/libs/glut/lib/osx\"";
				GCC_GENERATE_DEBUGGING_SYMBOLS = YES;
				GCC_MODEL_TUNING = NONE;
				HEADER_SEARCH_PATHS = (
					"$(OF_CORE_HEADERS)",
					src/app,
					src/core,
					../../of_v0.9.3_osx_release/addons/ofxGui/src,
					../../of_v0.9.3_osx_release/addons/ofxLiquidEvent/src,
					../../of_v0.9.3_osx_release/addons/ofxXmlSettings/libs,
					../../of_v0.9.3_osx_release/addons/ofxXmlSettings/src,
				);
				ICON = "$(ICON_NAME_RELEASE)";
				ICON_FILE = "$(ICON_FILE_PATH)$(ICON)";
				INFOPLIST_FILE = "openFrameworks-Info.plist";
				INSTALL_PATH = /Applications;
				LIBRARY_SEARCH_PATHS = "$(inherited)";
				PRODUCT_NAME = "$(TARGET_NAME)";
				WRAPPER_EXTENSION = app;
				baseConfigurationReference = E4EB6923138AFD0F00A09F29;
			};
			name = Release;
		};
/* End XCBuildConfiguration section */

/* Begin XCConfigurationList section */
		E4B69B4D0A3A1720003C02F2 /* Build configuration list for PBXProject "memory-prototype-2" */ = {
			isa = XCConfigurationList;
			buildConfigurations = (
				E4B69B4E0A3A1720003C02F2 /* Debug */,
				E4B69B4F0A3A1720003C02F2 /* Release */,
			);
			defaultConfigurationIsVisible = 0;
			defaultConfigurationName = Release;
		};
		E4B69B5F0A3A1757003C02F2 /* Build configuration list for PBXNativeTarget "memory-prototype-2" */ = {
			isa = XCConfigurationList;
			buildConfigurations = (
				E4B69B600A3A1757003C02F2 /* Debug */,
				E4B69B610A3A1757003C02F2 /* Release */,
			);
			defaultConfigurationIsVisible = 0;
			defaultConfigurationName = Release;
		};
/* End XCConfigurationList section */
	};
	rootObject = E4B69B4C0A3A1720003C02F2 /* Project object */;
}
